// !$*UTF8*$!
{
	archiveVersion = 1;
	classes = {
	};
	objectVersion = 56;
	objects = {

/* Begin PBXBuildFile section */
		3F1494BF2B0D9E4B00022D3E /* AppDelegate.swift in Sources */ = {isa = PBXBuildFile; fileRef = 3F1494BE2B0D9E4B00022D3E /* AppDelegate.swift */; };
		3F1494C12B0D9E4B00022D3E /* SceneDelegate.swift in Sources */ = {isa = PBXBuildFile; fileRef = 3F1494C02B0D9E4B00022D3E /* SceneDelegate.swift */; };
		3F1494C32B0D9E4B00022D3E /* ViewController.swift in Sources */ = {isa = PBXBuildFile; fileRef = 3F1494C22B0D9E4B00022D3E /* ViewController.swift */; };
		3F1494C62B0D9E4B00022D3E /* Main.storyboard in Resources */ = {isa = PBXBuildFile; fileRef = 3F1494C42B0D9E4B00022D3E /* Main.storyboard */; };
		3F1494C82B0D9E4C00022D3E /* Assets.xcassets in Resources */ = {isa = PBXBuildFile; fileRef = 3F1494C72B0D9E4C00022D3E /* Assets.xcassets */; };
		3F1494CB2B0D9E4C00022D3E /* LaunchScreen.storyboard in Resources */ = {isa = PBXBuildFile; fileRef = 3F1494C92B0D9E4C00022D3E /* LaunchScreen.storyboard */; };
		3F1494D62B0D9E4C00022D3E /* _week_pracTests.swift in Sources */ = {isa = PBXBuildFile; fileRef = 3F1494D52B0D9E4C00022D3E /* _week_pracTests.swift */; };
		3F1494E02B0D9E4C00022D3E /* _week_pracUITests.swift in Sources */ = {isa = PBXBuildFile; fileRef = 3F1494DF2B0D9E4C00022D3E /* _week_pracUITests.swift */; };
		3F1494E22B0D9E4C00022D3E /* _week_pracUITestsLaunchTests.swift in Sources */ = {isa = PBXBuildFile; fileRef = 3F1494E12B0D9E4C00022D3E /* _week_pracUITestsLaunchTests.swift */; };
		3F1494F02B0D9EFA00022D3E /* KakaoSDK in Frameworks */ = {isa = PBXBuildFile; productRef = 3F1494EF2B0D9EFA00022D3E /* KakaoSDK */; };
/* End PBXBuildFile section */

/* Begin PBXContainerItemProxy section */
		3F1494D22B0D9E4C00022D3E /* PBXContainerItemProxy */ = {
			isa = PBXContainerItemProxy;
			containerPortal = 3F1494B32B0D9E4B00022D3E /* Project object */;
			proxyType = 1;
			remoteGlobalIDString = 3F1494BA2B0D9E4B00022D3E;
			remoteInfo = 7week_prac;
		};
		3F1494DC2B0D9E4C00022D3E /* PBXContainerItemProxy */ = {
			isa = PBXContainerItemProxy;
			containerPortal = 3F1494B32B0D9E4B00022D3E /* Project object */;
			proxyType = 1;
			remoteGlobalIDString = 3F1494BA2B0D9E4B00022D3E;
			remoteInfo = 7week_prac;
		};
/* End PBXContainerItemProxy section */

/* Begin PBXFileReference section */
		3F1494BB2B0D9E4B00022D3E /* 7week_prac.app */ = {isa = PBXFileReference; explicitFileType = wrapper.application; includeInIndex = 0; path = 7week_prac.app; sourceTree = BUILT_PRODUCTS_DIR; };
		3F1494BE2B0D9E4B00022D3E /* AppDelegate.swift */ = {isa = PBXFileReference; lastKnownFileType = sourcecode.swift; path = AppDelegate.swift; sourceTree = "<group>"; };
		3F1494C02B0D9E4B00022D3E /* SceneDelegate.swift */ = {isa = PBXFileReference; lastKnownFileType = sourcecode.swift; path = SceneDelegate.swift; sourceTree = "<group>"; };
		3F1494C22B0D9E4B00022D3E /* ViewController.swift */ = {isa = PBXFileReference; lastKnownFileType = sourcecode.swift; path = ViewController.swift; sourceTree = "<group>"; };
		3F1494C52B0D9E4B00022D3E /* Base */ = {isa = PBXFileReference; lastKnownFileType = file.storyboard; name = Base; path = Base.lproj/Main.storyboard; sourceTree = "<group>"; };
		3F1494C72B0D9E4C00022D3E /* Assets.xcassets */ = {isa = PBXFileReference; lastKnownFileType = folder.assetcatalog; path = Assets.xcassets; sourceTree = "<group>"; };
		3F1494CA2B0D9E4C00022D3E /* Base */ = {isa = PBXFileReference; lastKnownFileType = file.storyboard; name = Base; path = Base.lproj/LaunchScreen.storyboard; sourceTree = "<group>"; };
		3F1494CC2B0D9E4C00022D3E /* Info.plist */ = {isa = PBXFileReference; lastKnownFileType = text.plist.xml; path = Info.plist; sourceTree = "<group>"; };
		3F1494D12B0D9E4C00022D3E /* 7week_pracTests.xctest */ = {isa = PBXFileReference; explicitFileType = wrapper.cfbundle; includeInIndex = 0; path = 7week_pracTests.xctest; sourceTree = BUILT_PRODUCTS_DIR; };
		3F1494D52B0D9E4C00022D3E /* _week_pracTests.swift */ = {isa = PBXFileReference; lastKnownFileType = sourcecode.swift; path = _week_pracTests.swift; sourceTree = "<group>"; };
		3F1494DB2B0D9E4C00022D3E /* 7week_pracUITests.xctest */ = {isa = PBXFileReference; explicitFileType = wrapper.cfbundle; includeInIndex = 0; path = 7week_pracUITests.xctest; sourceTree = BUILT_PRODUCTS_DIR; };
		3F1494DF2B0D9E4C00022D3E /* _week_pracUITests.swift */ = {isa = PBXFileReference; lastKnownFileType = sourcecode.swift; path = _week_pracUITests.swift; sourceTree = "<group>"; };
		3F1494E12B0D9E4C00022D3E /* _week_pracUITestsLaunchTests.swift */ = {isa = PBXFileReference; lastKnownFileType = sourcecode.swift; path = _week_pracUITestsLaunchTests.swift; sourceTree = "<group>"; };
/* End PBXFileReference section */

/* Begin PBXFrameworksBuildPhase section */
		3F1494B82B0D9E4B00022D3E /* Frameworks */ = {
			isa = PBXFrameworksBuildPhase;
			buildActionMask = 2147483647;
			files = (
				3F1494F02B0D9EFA00022D3E /* KakaoSDK in Frameworks */,
			);
			runOnlyForDeploymentPostprocessing = 0;
		};
		3F1494CE2B0D9E4C00022D3E /* Frameworks */ = {
			isa = PBXFrameworksBuildPhase;
			buildActionMask = 2147483647;
			files = (
			);
			runOnlyForDeploymentPostprocessing = 0;
		};
		3F1494D82B0D9E4C00022D3E /* Frameworks */ = {
			isa = PBXFrameworksBuildPhase;
			buildActionMask = 2147483647;
			files = (
			);
			runOnlyForDeploymentPostprocessing = 0;
		};
/* End PBXFrameworksBuildPhase section */

/* Begin PBXGroup section */
		3F1494B22B0D9E4B00022D3E = {
			isa = PBXGroup;
			children = (
				3F1494BD2B0D9E4B00022D3E /* 7week_prac */,
				3F1494D42B0D9E4C00022D3E /* 7week_pracTests */,
				3F1494DE2B0D9E4C00022D3E /* 7week_pracUITests */,
				3F1494BC2B0D9E4B00022D3E /* Products */,
			);
			sourceTree = "<group>";
		};
		3F1494BC2B0D9E4B00022D3E /* Products */ = {
			isa = PBXGroup;
			children = (
				3F1494BB2B0D9E4B00022D3E /* 7week_prac.app */,
				3F1494D12B0D9E4C00022D3E /* 7week_pracTests.xctest */,
				3F1494DB2B0D9E4C00022D3E /* 7week_pracUITests.xctest */,
			);
			name = Products;
			sourceTree = "<group>";
		};
		3F1494BD2B0D9E4B00022D3E /* 7week_prac */ = {
			isa = PBXGroup;
			children = (
				3F1494BE2B0D9E4B00022D3E /* AppDelegate.swift */,
				3F1494C02B0D9E4B00022D3E /* SceneDelegate.swift */,
				3F1494C22B0D9E4B00022D3E /* ViewController.swift */,
				3F1494C42B0D9E4B00022D3E /* Main.storyboard */,
				3F1494C72B0D9E4C00022D3E /* Assets.xcassets */,
				3F1494C92B0D9E4C00022D3E /* LaunchScreen.storyboard */,
				3F1494CC2B0D9E4C00022D3E /* Info.plist */,
			);
			path = 7week_prac;
			sourceTree = "<group>";
		};
		3F1494D42B0D9E4C00022D3E /* 7week_pracTests */ = {
			isa = PBXGroup;
			children = (
				3F1494D52B0D9E4C00022D3E /* _week_pracTests.swift */,
			);
			path = 7week_pracTests;
			sourceTree = "<group>";
		};
		3F1494DE2B0D9E4C00022D3E /* 7week_pracUITests */ = {
			isa = PBXGroup;
			children = (
				3F1494DF2B0D9E4C00022D3E /* _week_pracUITests.swift */,
				3F1494E12B0D9E4C00022D3E /* _week_pracUITestsLaunchTests.swift */,
			);
			path = 7week_pracUITests;
			sourceTree = "<group>";
		};
/* End PBXGroup section */

/* Begin PBXNativeTarget section */
		3F1494BA2B0D9E4B00022D3E /* 7week_prac */ = {
			isa = PBXNativeTarget;
			buildConfigurationList = 3F1494E52B0D9E4C00022D3E /* Build configuration list for PBXNativeTarget "7week_prac" */;
			buildPhases = (
				3F1494B72B0D9E4B00022D3E /* Sources */,
				3F1494B82B0D9E4B00022D3E /* Frameworks */,
				3F1494B92B0D9E4B00022D3E /* Resources */,
			);
			buildRules = (
			);
			dependencies = (
			);
			name = 7week_prac;
			packageProductDependencies = (
				3F1494EF2B0D9EFA00022D3E /* KakaoSDK */,
			);
			productName = 7week_prac;
			productReference = 3F1494BB2B0D9E4B00022D3E /* 7week_prac.app */;
			productType = "com.apple.product-type.application";
		};
		3F1494D02B0D9E4C00022D3E /* 7week_pracTests */ = {
			isa = PBXNativeTarget;
			buildConfigurationList = 3F1494E82B0D9E4C00022D3E /* Build configuration list for PBXNativeTarget "7week_pracTests" */;
			buildPhases = (
				3F1494CD2B0D9E4C00022D3E /* Sources */,
				3F1494CE2B0D9E4C00022D3E /* Frameworks */,
				3F1494CF2B0D9E4C00022D3E /* Resources */,
			);
			buildRules = (
			);
			dependencies = (
				3F1494D32B0D9E4C00022D3E /* PBXTargetDependency */,
			);
			name = 7week_pracTests;
			productName = 7week_pracTests;
			productReference = 3F1494D12B0D9E4C00022D3E /* 7week_pracTests.xctest */;
			productType = "com.apple.product-type.bundle.unit-test";
		};
		3F1494DA2B0D9E4C00022D3E /* 7week_pracUITests */ = {
			isa = PBXNativeTarget;
			buildConfigurationList = 3F1494EB2B0D9E4C00022D3E /* Build configuration list for PBXNativeTarget "7week_pracUITests" */;
			buildPhases = (
				3F1494D72B0D9E4C00022D3E /* Sources */,
				3F1494D82B0D9E4C00022D3E /* Frameworks */,
				3F1494D92B0D9E4C00022D3E /* Resources */,
			);
			buildRules = (
			);
			dependencies = (
				3F1494DD2B0D9E4C00022D3E /* PBXTargetDependency */,
			);
			name = 7week_pracUITests;
			productName = 7week_pracUITests;
			productReference = 3F1494DB2B0D9E4C00022D3E /* 7week_pracUITests.xctest */;
			productType = "com.apple.product-type.bundle.ui-testing";
		};
/* End PBXNativeTarget section */

/* Begin PBXProject section */
		3F1494B32B0D9E4B00022D3E /* Project object */ = {
			isa = PBXProject;
			attributes = {
				BuildIndependentTargetsInParallel = 1;
				LastSwiftUpdateCheck = 1500;
				LastUpgradeCheck = 1500;
				TargetAttributes = {
					3F1494BA2B0D9E4B00022D3E = {
						CreatedOnToolsVersion = 15.0.1;
					};
					3F1494D02B0D9E4C00022D3E = {
						CreatedOnToolsVersion = 15.0.1;
						TestTargetID = 3F1494BA2B0D9E4B00022D3E;
					};
					3F1494DA2B0D9E4C00022D3E = {
						CreatedOnToolsVersion = 15.0.1;
						TestTargetID = 3F1494BA2B0D9E4B00022D3E;
					};
				};
			};
			buildConfigurationList = 3F1494B62B0D9E4B00022D3E /* Build configuration list for PBXProject "7week_prac" */;
			compatibilityVersion = "Xcode 14.0";
			developmentRegion = en;
			hasScannedForEncodings = 0;
			knownRegions = (
				en,
				Base,
			);
			mainGroup = 3F1494B22B0D9E4B00022D3E;
			packageReferences = (
				3F1494EE2B0D9EFA00022D3E /* XCRemoteSwiftPackageReference "kakao-ios-sdk" */,
			);
			productRefGroup = 3F1494BC2B0D9E4B00022D3E /* Products */;
			projectDirPath = "";
			projectRoot = "";
			targets = (
				3F1494BA2B0D9E4B00022D3E /* 7week_prac */,
				3F1494D02B0D9E4C00022D3E /* 7week_pracTests */,
				3F1494DA2B0D9E4C00022D3E /* 7week_pracUITests */,
			);
		};
/* End PBXProject section */

/* Begin PBXResourcesBuildPhase section */
		3F1494B92B0D9E4B00022D3E /* Resources */ = {
			isa = PBXResourcesBuildPhase;
			buildActionMask = 2147483647;
			files = (
				3F1494CB2B0D9E4C00022D3E /* LaunchScreen.storyboard in Resources */,
				3F1494C82B0D9E4C00022D3E /* Assets.xcassets in Resources */,
				3F1494C62B0D9E4B00022D3E /* Main.storyboard in Resources */,
			);
			runOnlyForDeploymentPostprocessing = 0;
		};
		3F1494CF2B0D9E4C00022D3E /* Resources */ = {
			isa = PBXResourcesBuildPhase;
			buildActionMask = 2147483647;
			files = (
			);
			runOnlyForDeploymentPostprocessing = 0;
		};
		3F1494D92B0D9E4C00022D3E /* Resources */ = {
			isa = PBXResourcesBuildPhase;
			buildActionMask = 2147483647;
			files = (
			);
			runOnlyForDeploymentPostprocessing = 0;
		};
/* End PBXResourcesBuildPhase section */

/* Begin PBXSourcesBuildPhase section */
		3F1494B72B0D9E4B00022D3E /* Sources */ = {
			isa = PBXSourcesBuildPhase;
			buildActionMask = 2147483647;
			files = (
				3F1494C32B0D9E4B00022D3E /* ViewController.swift in Sources */,
				3F1494BF2B0D9E4B00022D3E /* AppDelegate.swift in Sources */,
				3F1494C12B0D9E4B00022D3E /* SceneDelegate.swift in Sources */,
			);
			runOnlyForDeploymentPostprocessing = 0;
		};
		3F1494CD2B0D9E4C00022D3E /* Sources */ = {
			isa = PBXSourcesBuildPhase;
			buildActionMask = 2147483647;
			files = (
				3F1494D62B0D9E4C00022D3E /* _week_pracTests.swift in Sources */,
			);
			runOnlyForDeploymentPostprocessing = 0;
		};
		3F1494D72B0D9E4C00022D3E /* Sources */ = {
			isa = PBXSourcesBuildPhase;
			buildActionMask = 2147483647;
			files = (
				3F1494E22B0D9E4C00022D3E /* _week_pracUITestsLaunchTests.swift in Sources */,
				3F1494E02B0D9E4C00022D3E /* _week_pracUITests.swift in Sources */,
			);
			runOnlyForDeploymentPostprocessing = 0;
		};
/* End PBXSourcesBuildPhase section */

/* Begin PBXTargetDependency section */
		3F1494D32B0D9E4C00022D3E /* PBXTargetDependency */ = {
			isa = PBXTargetDependency;
			target = 3F1494BA2B0D9E4B00022D3E /* 7week_prac */;
			targetProxy = 3F1494D22B0D9E4C00022D3E /* PBXContainerItemProxy */;
		};
		3F1494DD2B0D9E4C00022D3E /* PBXTargetDependency */ = {
			isa = PBXTargetDependency;
			target = 3F1494BA2B0D9E4B00022D3E /* 7week_prac */;
			targetProxy = 3F1494DC2B0D9E4C00022D3E /* PBXContainerItemProxy */;
		};
/* End PBXTargetDependency section */

/* Begin PBXVariantGroup section */
		3F1494C42B0D9E4B00022D3E /* Main.storyboard */ = {
			isa = PBXVariantGroup;
			children = (
				3F1494C52B0D9E4B00022D3E /* Base */,
			);
			name = Main.storyboard;
			sourceTree = "<group>";
		};
		3F1494C92B0D9E4C00022D3E /* LaunchScreen.storyboard */ = {
			isa = PBXVariantGroup;
			children = (
				3F1494CA2B0D9E4C00022D3E /* Base */,
			);
			name = LaunchScreen.storyboard;
			sourceTree = "<group>";
		};
/* End PBXVariantGroup section */

/* Begin XCBuildConfiguration section */
		3F1494E32B0D9E4C00022D3E /* Debug */ = {
			isa = XCBuildConfiguration;
			buildSettings = {
				ALWAYS_SEARCH_USER_PATHS = NO;
				ASSETCATALOG_COMPILER_GENERATE_SWIFT_ASSET_SYMBOL_EXTENSIONS = YES;
				CLANG_ANALYZER_NONNULL = YES;
				CLANG_ANALYZER_NUMBER_OBJECT_CONVERSION = YES_AGGRESSIVE;
				CLANG_CXX_LANGUAGE_STANDARD = "gnu++20";
				CLANG_ENABLE_MODULES = YES;
				CLANG_ENABLE_OBJC_ARC = YES;
				CLANG_ENABLE_OBJC_WEAK = YES;
				CLANG_WARN_BLOCK_CAPTURE_AUTORELEASING = YES;
				CLANG_WARN_BOOL_CONVERSION = YES;
				CLANG_WARN_COMMA = YES;
				CLANG_WARN_CONSTANT_CONVERSION = YES;
				CLANG_WARN_DEPRECATED_OBJC_IMPLEMENTATIONS = YES;
				CLANG_WARN_DIRECT_OBJC_ISA_USAGE = YES_ERROR;
				CLANG_WARN_DOCUMENTATION_COMMENTS = YES;
				CLANG_WARN_EMPTY_BODY = YES;
				CLANG_WARN_ENUM_CONVERSION = YES;
				CLANG_WARN_INFINITE_RECURSION = YES;
				CLANG_WARN_INT_CONVERSION = YES;
				CLANG_WARN_NON_LITERAL_NULL_CONVERSION = YES;
				CLANG_WARN_OBJC_IMPLICIT_RETAIN_SELF = YES;
				CLANG_WARN_OBJC_LITERAL_CONVERSION = YES;
				CLANG_WARN_OBJC_ROOT_CLASS = YES_ERROR;
				CLANG_WARN_QUOTED_INCLUDE_IN_FRAMEWORK_HEADER = YES;
				CLANG_WARN_RANGE_LOOP_ANALYSIS = YES;
				CLANG_WARN_STRICT_PROTOTYPES = YES;
				CLANG_WARN_SUSPICIOUS_MOVE = YES;
				CLANG_WARN_UNGUARDED_AVAILABILITY = YES_AGGRESSIVE;
				CLANG_WARN_UNREACHABLE_CODE = YES;
				CLANG_WARN__DUPLICATE_METHOD_MATCH = YES;
				COPY_PHASE_STRIP = NO;
				DEBUG_INFORMATION_FORMAT = dwarf;
				ENABLE_STRICT_OBJC_MSGSEND = YES;
				ENABLE_TESTABILITY = YES;
				ENABLE_USER_SCRIPT_SANDBOXING = YES;
				GCC_C_LANGUAGE_STANDARD = gnu17;
				GCC_DYNAMIC_NO_PIC = NO;
				GCC_NO_COMMON_BLOCKS = YES;
				GCC_OPTIMIZATION_LEVEL = 0;
				GCC_PREPROCESSOR_DEFINITIONS = (
					"DEBUG=1",
					"$(inherited)",
				);
				GCC_WARN_64_TO_32_BIT_CONVERSION = YES;
				GCC_WARN_ABOUT_RETURN_TYPE = YES_ERROR;
				GCC_WARN_UNDECLARED_SELECTOR = YES;
				GCC_WARN_UNINITIALIZED_AUTOS = YES_AGGRESSIVE;
				GCC_WARN_UNUSED_FUNCTION = YES;
				GCC_WARN_UNUSED_VARIABLE = YES;
				IPHONEOS_DEPLOYMENT_TARGET = 17.0;
				LOCALIZATION_PREFERS_STRING_CATALOGS = YES;
				MTL_ENABLE_DEBUG_INFO = INCLUDE_SOURCE;
				MTL_FAST_MATH = YES;
				ONLY_ACTIVE_ARCH = YES;
				SDKROOT = iphoneos;
				SWIFT_ACTIVE_COMPILATION_CONDITIONS = "DEBUG $(inherited)";
				SWIFT_OPTIMIZATION_LEVEL = "-Onone";
			};
			name = Debug;
		};
		3F1494E42B0D9E4C00022D3E /* Release */ = {
			isa = XCBuildConfiguration;
			buildSettings = {
				ALWAYS_SEARCH_USER_PATHS = NO;
				ASSETCATALOG_COMPILER_GENERATE_SWIFT_ASSET_SYMBOL_EXTENSIONS = YES;
				CLANG_ANALYZER_NONNULL = YES;
				CLANG_ANALYZER_NUMBER_OBJECT_CONVERSION = YES_AGGRESSIVE;
				CLANG_CXX_LANGUAGE_STANDARD = "gnu++20";
				CLANG_ENABLE_MODULES = YES;
				CLANG_ENABLE_OBJC_ARC = YES;
				CLANG_ENABLE_OBJC_WEAK = YES;
				CLANG_WARN_BLOCK_CAPTURE_AUTORELEASING = YES;
				CLANG_WARN_BOOL_CONVERSION = YES;
				CLANG_WARN_COMMA = YES;
				CLANG_WARN_CONSTANT_CONVERSION = YES;
				CLANG_WARN_DEPRECATED_OBJC_IMPLEMENTATIONS = YES;
				CLANG_WARN_DIRECT_OBJC_ISA_USAGE = YES_ERROR;
				CLANG_WARN_DOCUMENTATION_COMMENTS = YES;
				CLANG_WARN_EMPTY_BODY = YES;
				CLANG_WARN_ENUM_CONVERSION = YES;
				CLANG_WARN_INFINITE_RECURSION = YES;
				CLANG_WARN_INT_CONVERSION = YES;
				CLANG_WARN_NON_LITERAL_NULL_CONVERSION = YES;
				CLANG_WARN_OBJC_IMPLICIT_RETAIN_SELF = YES;
				CLANG_WARN_OBJC_LITERAL_CONVERSION = YES;
				CLANG_WARN_OBJC_ROOT_CLASS = YES_ERROR;
				CLANG_WARN_QUOTED_INCLUDE_IN_FRAMEWORK_HEADER = YES;
				CLANG_WARN_RANGE_LOOP_ANALYSIS = YES;
				CLANG_WARN_STRICT_PROTOTYPES = YES;
				CLANG_WARN_SUSPICIOUS_MOVE = YES;
				CLANG_WARN_UNGUARDED_AVAILABILITY = YES_AGGRESSIVE;
				CLANG_WARN_UNREACHABLE_CODE = YES;
				CLANG_WARN__DUPLICATE_METHOD_MATCH = YES;
				COPY_PHASE_STRIP = NO;
				DEBUG_INFORMATION_FORMAT = "dwarf-with-dsym";
				ENABLE_NS_ASSERTIONS = NO;
				ENABLE_STRICT_OBJC_MSGSEND = YES;
				ENABLE_USER_SCRIPT_SANDBOXING = YES;
				GCC_C_LANGUAGE_STANDARD = gnu17;
				GCC_NO_COMMON_BLOCKS = YES;
				GCC_WARN_64_TO_32_BIT_CONVERSION = YES;
				GCC_WARN_ABOUT_RETURN_TYPE = YES_ERROR;
				GCC_WARN_UNDECLARED_SELECTOR = YES;
				GCC_WARN_UNINITIALIZED_AUTOS = YES_AGGRESSIVE;
				GCC_WARN_UNUSED_FUNCTION = YES;
				GCC_WARN_UNUSED_VARIABLE = YES;
				IPHONEOS_DEPLOYMENT_TARGET = 17.0;
				LOCALIZATION_PREFERS_STRING_CATALOGS = YES;
				MTL_ENABLE_DEBUG_INFO = NO;
				MTL_FAST_MATH = YES;
				SDKROOT = iphoneos;
				SWIFT_COMPILATION_MODE = wholemodule;
				VALIDATE_PRODUCT = YES;
			};
			name = Release;
		};
		3F1494E62B0D9E4C00022D3E /* Debug */ = {
			isa = XCBuildConfiguration;
			buildSettings = {
				ASSETCATALOG_COMPILER_APPICON_NAME = AppIcon;
				ASSETCATALOG_COMPILER_GLOBAL_ACCENT_COLOR_NAME = AccentColor;
				CODE_SIGN_STYLE = Automatic;
				CURRENT_PROJECT_VERSION = 1;
				GENERATE_INFOPLIST_FILE = YES;
				INFOPLIST_FILE = 7week_prac/Info.plist;
				INFOPLIST_KEY_UIApplicationSupportsIndirectInputEvents = YES;
				INFOPLIST_KEY_UILaunchStoryboardName = LaunchScreen;
				INFOPLIST_KEY_UIMainStoryboardFile = Main;
				INFOPLIST_KEY_UISupportedInterfaceOrientations_iPad = "UIInterfaceOrientationPortrait UIInterfaceOrientationPortraitUpsideDown UIInterfaceOrientationLandscapeLeft UIInterfaceOrientationLandscapeRight";
				INFOPLIST_KEY_UISupportedInterfaceOrientations_iPhone = "UIInterfaceOrientationPortrait UIInterfaceOrientationLandscapeLeft UIInterfaceOrientationLandscapeRight";
				LD_RUNPATH_SEARCH_PATHS = (
					"$(inherited)",
					"@executable_path/Frameworks",
				);
				MARKETING_VERSION = 1.0;
				PRODUCT_BUNDLE_IDENTIFIER = "-week-prac.-week-prac";
				PRODUCT_NAME = "$(TARGET_NAME)";
				SWIFT_EMIT_LOC_STRINGS = YES;
				SWIFT_VERSION = 5.0;
				TARGETED_DEVICE_FAMILY = "1,2";
			};
			name = Debug;
		};
		3F1494E72B0D9E4C00022D3E /* Release */ = {
			isa = XCBuildConfiguration;
			buildSettings = {
				ASSETCATALOG_COMPILER_APPICON_NAME = AppIcon;
				ASSETCATALOG_COMPILER_GLOBAL_ACCENT_COLOR_NAME = AccentColor;
				CODE_SIGN_STYLE = Automatic;
				CURRENT_PROJECT_VERSION = 1;
				GENERATE_INFOPLIST_FILE = YES;
				INFOPLIST_FILE = 7week_prac/Info.plist;
				INFOPLIST_KEY_UIApplicationSupportsIndirectInputEvents = YES;
				INFOPLIST_KEY_UILaunchStoryboardName = LaunchScreen;
				INFOPLIST_KEY_UIMainStoryboardFile = Main;
				INFOPLIST_KEY_UISupportedInterfaceOrientations_iPad = "UIInterfaceOrientationPortrait UIInterfaceOrientationPortraitUpsideDown UIInterfaceOrientationLandscapeLeft UIInterfaceOrientationLandscapeRight";
				INFOPLIST_KEY_UISupportedInterfaceOrientations_iPhone = "UIInterfaceOrientationPortrait UIInterfaceOrientationLandscapeLeft UIInterfaceOrientationLandscapeRight";
				LD_RUNPATH_SEARCH_PATHS = (
					"$(inherited)",
					"@executable_path/Frameworks",
				);
				MARKETING_VERSION = 1.0;
				PRODUCT_BUNDLE_IDENTIFIER = "-week-prac.-week-prac";
				PRODUCT_NAME = "$(TARGET_NAME)";
				SWIFT_EMIT_LOC_STRINGS = YES;
				SWIFT_VERSION = 5.0;
				TARGETED_DEVICE_FAMILY = "1,2";
			};
			name = Release;
		};
		3F1494E92B0D9E4C00022D3E /* Debug */ = {
			isa = XCBuildConfiguration;
			buildSettings = {
				ALWAYS_EMBED_SWIFT_STANDARD_LIBRARIES = YES;
				BUNDLE_LOADER = "$(TEST_HOST)";
				CODE_SIGN_STYLE = Automatic;
				CURRENT_PROJECT_VERSION = 1;
				GENERATE_INFOPLIST_FILE = YES;
				IPHONEOS_DEPLOYMENT_TARGET = 17.0;
				MARKETING_VERSION = 1.0;
				PRODUCT_BUNDLE_IDENTIFIER = "-week-prac.-week-pracTests";
				PRODUCT_NAME = "$(TARGET_NAME)";
				SWIFT_EMIT_LOC_STRINGS = NO;
				SWIFT_VERSION = 5.0;
				TARGETED_DEVICE_FAMILY = "1,2";
				TEST_HOST = "$(BUILT_PRODUCTS_DIR)/7week_prac.app/$(BUNDLE_EXECUTABLE_FOLDER_PATH)/7week_prac";
			};
			name = Debug;
		};
		3F1494EA2B0D9E4C00022D3E /* Release */ = {
			isa = XCBuildConfiguration;
			buildSettings = {
				ALWAYS_EMBED_SWIFT_STANDARD_LIBRARIES = YES;
				BUNDLE_LOADER = "$(TEST_HOST)";
				CODE_SIGN_STYLE = Automatic;
				CURRENT_PROJECT_VERSION = 1;
				GENERATE_INFOPLIST_FILE = YES;
				IPHONEOS_DEPLOYMENT_TARGET = 17.0;
				MARKETING_VERSION = 1.0;
				PRODUCT_BUNDLE_IDENTIFIER = "-week-prac.-week-pracTests";
				PRODUCT_NAME = "$(TARGET_NAME)";
				SWIFT_EMIT_LOC_STRINGS = NO;
				SWIFT_VERSION = 5.0;
				TARGETED_DEVICE_FAMILY = "1,2";
				TEST_HOST = "$(BUILT_PRODUCTS_DIR)/7week_prac.app/$(BUNDLE_EXECUTABLE_FOLDER_PATH)/7week_prac";
			};
			name = Release;
		};
		3F1494EC2B0D9E4C00022D3E /* Debug */ = {
			isa = XCBuildConfiguration;
			buildSettings = {
				ALWAYS_EMBED_SWIFT_STANDARD_LIBRARIES = YES;
				CODE_SIGN_STYLE = Automatic;
				CURRENT_PROJECT_VERSION = 1;
				GENERATE_INFOPLIST_FILE = YES;
				MARKETING_VERSION = 1.0;
				PRODUCT_BUNDLE_IDENTIFIER = "-week-prac.-week-pracUITests";
				PRODUCT_NAME = "$(TARGET_NAME)";
				SWIFT_EMIT_LOC_STRINGS = NO;
				SWIFT_VERSION = 5.0;
				TARGETED_DEVICE_FAMILY = "1,2";
				TEST_TARGET_NAME = 7week_prac;
			};
			name = Debug;
		};
		3F1494ED2B0D9E4C00022D3E /* Release */ = {
			isa = XCBuildConfiguration;
			buildSettings = {
				ALWAYS_EMBED_SWIFT_STANDARD_LIBRARIES = YES;
				CODE_SIGN_STYLE = Automatic;
				CURRENT_PROJECT_VERSION = 1;
				GENERATE_INFOPLIST_FILE = YES;
				MARKETING_VERSION = 1.0;
				PRODUCT_BUNDLE_IDENTIFIER = "-week-prac.-week-pracUITests";
				PRODUCT_NAME = "$(TARGET_NAME)";
				SWIFT_EMIT_LOC_STRINGS = NO;
				SWIFT_VERSION = 5.0;
				TARGETED_DEVICE_FAMILY = "1,2";
				TEST_TARGET_NAME = 7week_prac;
			};
			name = Release;
		};
/* End XCBuildConfiguration section */

/* Begin XCConfigurationList section */
		3F1494B62B0D9E4B00022D3E /* Build configuration list for PBXProject "7week_prac" */ = {
			isa = XCConfigurationList;
			buildConfigurations = (
				3F1494E32B0D9E4C00022D3E /* Debug */,
				3F1494E42B0D9E4C00022D3E /* Release */,
			);
			defaultConfigurationIsVisible = 0;
			defaultConfigurationName = Release;
		};
		3F1494E52B0D9E4C00022D3E /* Build configuration list for PBXNativeTarget "7week_prac" */ = {
			isa = XCConfigurationList;
			buildConfigurations = (
				3F1494E62B0D9E4C00022D3E /* Debug */,
				3F1494E72B0D9E4C00022D3E /* Release */,
			);
			defaultConfigurationIsVisible = 0;
			defaultConfigurationName = Release;
		};
		3F1494E82B0D9E4C00022D3E /* Build configuration list for PBXNativeTarget "7week_pracTests" */ = {
			isa = XCConfigurationList;
			buildConfigurations = (
				3F1494E92B0D9E4C00022D3E /* Debug */,
				3F1494EA2B0D9E4C00022D3E /* Release */,
			);
			defaultConfigurationIsVisible = 0;
			defaultConfigurationName = Release;
		};
		3F1494EB2B0D9E4C00022D3E /* Build configuration list for PBXNativeTarget "7week_pracUITests" */ = {
			isa = XCConfigurationList;
			buildConfigurations = (
				3F1494EC2B0D9E4C00022D3E /* Debug */,
				3F1494ED2B0D9E4C00022D3E /* Release */,
			);
			defaultConfigurationIsVisible = 0;
			defaultConfigurationName = Release;
		};
/* End XCConfigurationList section */

/* Begin XCRemoteSwiftPackageReference section */
		3F1494EE2B0D9EFA00022D3E /* XCRemoteSwiftPackageReference "kakao-ios-sdk" */ = {
			isa = XCRemoteSwiftPackageReference;
			repositoryURL = "https://github.com/kakao/kakao-ios-sdk";
			requirement = {
				kind = upToNextMajorVersion;
				minimumVersion = 2.19.0;
			};
		};
/* End XCRemoteSwiftPackageReference section */

/* Begin XCSwiftPackageProductDependency section */
		3F1494EF2B0D9EFA00022D3E /* KakaoSDK */ = {
			isa = XCSwiftPackageProductDependency;
			package = 3F1494EE2B0D9EFA00022D3E /* XCRemoteSwiftPackageReference "kakao-ios-sdk" */;
			productName = KakaoSDK;
		};
/* End XCSwiftPackageProductDependency section */
	};
	rootObject = 3F1494B32B0D9E4B00022D3E /* Project object */;
}
