// !$*UTF8*$!
{
	archiveVersion = 1;
	classes = {
	};
	objectVersion = 56;
	objects = {

/* Begin PBXBuildFile section */
		3FCBF6C42B17002F00972F72 /* AppDelegate.swift in Sources */ = {isa = PBXBuildFile; fileRef = 3FCBF6C32B17002F00972F72 /* AppDelegate.swift */; };
		3FCBF6C62B17002F00972F72 /* SceneDelegate.swift in Sources */ = {isa = PBXBuildFile; fileRef = 3FCBF6C52B17002F00972F72 /* SceneDelegate.swift */; };
		3FCBF6C82B17002F00972F72 /* ViewController.swift in Sources */ = {isa = PBXBuildFile; fileRef = 3FCBF6C72B17002F00972F72 /* ViewController.swift */; };
		3FCBF6CB2B17002F00972F72 /* Main.storyboard in Resources */ = {isa = PBXBuildFile; fileRef = 3FCBF6C92B17002F00972F72 /* Main.storyboard */; };
		3FCBF6CD2B17003100972F72 /* Assets.xcassets in Resources */ = {isa = PBXBuildFile; fileRef = 3FCBF6CC2B17003100972F72 /* Assets.xcassets */; };
		3FCBF6D02B17003100972F72 /* LaunchScreen.storyboard in Resources */ = {isa = PBXBuildFile; fileRef = 3FCBF6CE2B17003100972F72 /* LaunchScreen.storyboard */; };
		3FCBF6DB2B17003100972F72 /* dbmsloginTests.swift in Sources */ = {isa = PBXBuildFile; fileRef = 3FCBF6DA2B17003100972F72 /* dbmsloginTests.swift */; };
		3FCBF6E52B17003100972F72 /* dbmsloginUITests.swift in Sources */ = {isa = PBXBuildFile; fileRef = 3FCBF6E42B17003100972F72 /* dbmsloginUITests.swift */; };
		3FCBF6E72B17003100972F72 /* dbmsloginUITestsLaunchTests.swift in Sources */ = {isa = PBXBuildFile; fileRef = 3FCBF6E62B17003100972F72 /* dbmsloginUITestsLaunchTests.swift */; };
		3FCBF6F42B17019D00972F72 /* SignUpViewController.swift in Sources */ = {isa = PBXBuildFile; fileRef = 3FCBF6F32B17019D00972F72 /* SignUpViewController.swift */; };
		3FCBF6F62B17028B00972F72 /* LoginViewController.swift in Sources */ = {isa = PBXBuildFile; fileRef = 3FCBF6F52B17028B00972F72 /* LoginViewController.swift */; };
/* End PBXBuildFile section */

/* Begin PBXContainerItemProxy section */
		3FCBF6D72B17003100972F72 /* PBXContainerItemProxy */ = {
			isa = PBXContainerItemProxy;
			containerPortal = 3FCBF6B82B17002F00972F72 /* Project object */;
			proxyType = 1;
			remoteGlobalIDString = 3FCBF6BF2B17002F00972F72;
			remoteInfo = dbmslogin;
		};
		3FCBF6E12B17003100972F72 /* PBXContainerItemProxy */ = {
			isa = PBXContainerItemProxy;
			containerPortal = 3FCBF6B82B17002F00972F72 /* Project object */;
			proxyType = 1;
			remoteGlobalIDString = 3FCBF6BF2B17002F00972F72;
			remoteInfo = dbmslogin;
		};
/* End PBXContainerItemProxy section */

/* Begin PBXFileReference section */
		3FCBF6C02B17002F00972F72 /* dbmslogin.app */ = {isa = PBXFileReference; explicitFileType = wrapper.application; includeInIndex = 0; path = dbmslogin.app; sourceTree = BUILT_PRODUCTS_DIR; };
		3FCBF6C32B17002F00972F72 /* AppDelegate.swift */ = {isa = PBXFileReference; lastKnownFileType = sourcecode.swift; path = AppDelegate.swift; sourceTree = "<group>"; };
		3FCBF6C52B17002F00972F72 /* SceneDelegate.swift */ = {isa = PBXFileReference; lastKnownFileType = sourcecode.swift; path = SceneDelegate.swift; sourceTree = "<group>"; };
		3FCBF6C72B17002F00972F72 /* ViewController.swift */ = {isa = PBXFileReference; lastKnownFileType = sourcecode.swift; path = ViewController.swift; sourceTree = "<group>"; };
		3FCBF6CA2B17002F00972F72 /* Base */ = {isa = PBXFileReference; lastKnownFileType = file.storyboard; name = Base; path = Base.lproj/Main.storyboard; sourceTree = "<group>"; };
		3FCBF6CC2B17003100972F72 /* Assets.xcassets */ = {isa = PBXFileReference; lastKnownFileType = folder.assetcatalog; path = Assets.xcassets; sourceTree = "<group>"; };
		3FCBF6CF2B17003100972F72 /* Base */ = {isa = PBXFileReference; lastKnownFileType = file.storyboard; name = Base; path = Base.lproj/LaunchScreen.storyboard; sourceTree = "<group>"; };
		3FCBF6D12B17003100972F72 /* Info.plist */ = {isa = PBXFileReference; lastKnownFileType = text.plist.xml; path = Info.plist; sourceTree = "<group>"; };
		3FCBF6D62B17003100972F72 /* dbmsloginTests.xctest */ = {isa = PBXFileReference; explicitFileType = wrapper.cfbundle; includeInIndex = 0; path = dbmsloginTests.xctest; sourceTree = BUILT_PRODUCTS_DIR; };
		3FCBF6DA2B17003100972F72 /* dbmsloginTests.swift */ = {isa = PBXFileReference; lastKnownFileType = sourcecode.swift; path = dbmsloginTests.swift; sourceTree = "<group>"; };
		3FCBF6E02B17003100972F72 /* dbmsloginUITests.xctest */ = {isa = PBXFileReference; explicitFileType = wrapper.cfbundle; includeInIndex = 0; path = dbmsloginUITests.xctest; sourceTree = BUILT_PRODUCTS_DIR; };
		3FCBF6E42B17003100972F72 /* dbmsloginUITests.swift */ = {isa = PBXFileReference; lastKnownFileType = sourcecode.swift; path = dbmsloginUITests.swift; sourceTree = "<group>"; };
		3FCBF6E62B17003100972F72 /* dbmsloginUITestsLaunchTests.swift */ = {isa = PBXFileReference; lastKnownFileType = sourcecode.swift; path = dbmsloginUITestsLaunchTests.swift; sourceTree = "<group>"; };
		3FCBF6F32B17019D00972F72 /* SignUpViewController.swift */ = {isa = PBXFileReference; lastKnownFileType = sourcecode.swift; path = SignUpViewController.swift; sourceTree = "<group>"; };
		3FCBF6F52B17028B00972F72 /* LoginViewController.swift */ = {isa = PBXFileReference; lastKnownFileType = sourcecode.swift; path = LoginViewController.swift; sourceTree = "<group>"; };
/* End PBXFileReference section */

/* Begin PBXFrameworksBuildPhase section */
		3FCBF6BD2B17002F00972F72 /* Frameworks */ = {
			isa = PBXFrameworksBuildPhase;
			buildActionMask = 2147483647;
			files = (
			);
			runOnlyForDeploymentPostprocessing = 0;
		};
		3FCBF6D32B17003100972F72 /* Frameworks */ = {
			isa = PBXFrameworksBuildPhase;
			buildActionMask = 2147483647;
			files = (
			);
			runOnlyForDeploymentPostprocessing = 0;
		};
		3FCBF6DD2B17003100972F72 /* Frameworks */ = {
			isa = PBXFrameworksBuildPhase;
			buildActionMask = 2147483647;
			files = (
			);
			runOnlyForDeploymentPostprocessing = 0;
		};
/* End PBXFrameworksBuildPhase section */

/* Begin PBXGroup section */
		3FCBF6B72B17002F00972F72 = {
			isa = PBXGroup;
			children = (
				3FCBF6C22B17002F00972F72 /* dbmslogin */,
				3FCBF6D92B17003100972F72 /* dbmsloginTests */,
				3FCBF6E32B17003100972F72 /* dbmsloginUITests */,
				3FCBF6C12B17002F00972F72 /* Products */,
			);
			sourceTree = "<group>";
		};
		3FCBF6C12B17002F00972F72 /* Products */ = {
			isa = PBXGroup;
			children = (
				3FCBF6C02B17002F00972F72 /* dbmslogin.app */,
				3FCBF6D62B17003100972F72 /* dbmsloginTests.xctest */,
				3FCBF6E02B17003100972F72 /* dbmsloginUITests.xctest */,
			);
			name = Products;
			sourceTree = "<group>";
		};
		3FCBF6C22B17002F00972F72 /* dbmslogin */ = {
			isa = PBXGroup;
			children = (
				3FCBF6C32B17002F00972F72 /* AppDelegate.swift */,
				3FCBF6C52B17002F00972F72 /* SceneDelegate.swift */,
				3FCBF6C72B17002F00972F72 /* ViewController.swift */,
				3FCBF6C92B17002F00972F72 /* Main.storyboard */,
				3FCBF6CC2B17003100972F72 /* Assets.xcassets */,
				3FCBF6CE2B17003100972F72 /* LaunchScreen.storyboard */,
				3FCBF6D12B17003100972F72 /* Info.plist */,
				3FCBF6F32B17019D00972F72 /* SignUpViewController.swift */,
				3FCBF6F52B17028B00972F72 /* LoginViewController.swift */,
			);
			path = dbmslogin;
			sourceTree = "<group>";
		};
		3FCBF6D92B17003100972F72 /* dbmsloginTests */ = {
			isa = PBXGroup;
			children = (
				3FCBF6DA2B17003100972F72 /* dbmsloginTests.swift */,
			);
			path = dbmsloginTests;
			sourceTree = "<group>";
		};
		3FCBF6E32B17003100972F72 /* dbmsloginUITests */ = {
			isa = PBXGroup;
			children = (
				3FCBF6E42B17003100972F72 /* dbmsloginUITests.swift */,
				3FCBF6E62B17003100972F72 /* dbmsloginUITestsLaunchTests.swift */,
			);
			path = dbmsloginUITests;
			sourceTree = "<group>";
		};
/* End PBXGroup section */

/* Begin PBXNativeTarget section */
		3FCBF6BF2B17002F00972F72 /* dbmslogin */ = {
			isa = PBXNativeTarget;
			buildConfigurationList = 3FCBF6EA2B17003100972F72 /* Build configuration list for PBXNativeTarget "dbmslogin" */;
			buildPhases = (
				3FCBF6BC2B17002F00972F72 /* Sources */,
				3FCBF6BD2B17002F00972F72 /* Frameworks */,
				3FCBF6BE2B17002F00972F72 /* Resources */,
			);
			buildRules = (
			);
			dependencies = (
			);
			name = dbmslogin;
			productName = dbmslogin;
			productReference = 3FCBF6C02B17002F00972F72 /* dbmslogin.app */;
			productType = "com.apple.product-type.application";
		};
		3FCBF6D52B17003100972F72 /* dbmsloginTests */ = {
			isa = PBXNativeTarget;
			buildConfigurationList = 3FCBF6ED2B17003100972F72 /* Build configuration list for PBXNativeTarget "dbmsloginTests" */;
			buildPhases = (
				3FCBF6D22B17003100972F72 /* Sources */,
				3FCBF6D32B17003100972F72 /* Frameworks */,
				3FCBF6D42B17003100972F72 /* Resources */,
			);
			buildRules = (
			);
			dependencies = (
				3FCBF6D82B17003100972F72 /* PBXTargetDependency */,
			);
			name = dbmsloginTests;
			productName = dbmsloginTests;
			productReference = 3FCBF6D62B17003100972F72 /* dbmsloginTests.xctest */;
			productType = "com.apple.product-type.bundle.unit-test";
		};
		3FCBF6DF2B17003100972F72 /* dbmsloginUITests */ = {
			isa = PBXNativeTarget;
			buildConfigurationList = 3FCBF6F02B17003100972F72 /* Build configuration list for PBXNativeTarget "dbmsloginUITests" */;
			buildPhases = (
				3FCBF6DC2B17003100972F72 /* Sources */,
				3FCBF6DD2B17003100972F72 /* Frameworks */,
				3FCBF6DE2B17003100972F72 /* Resources */,
			);
			buildRules = (
			);
			dependencies = (
				3FCBF6E22B17003100972F72 /* PBXTargetDependency */,
			);
			name = dbmsloginUITests;
			productName = dbmsloginUITests;
			productReference = 3FCBF6E02B17003100972F72 /* dbmsloginUITests.xctest */;
			productType = "com.apple.product-type.bundle.ui-testing";
		};
/* End PBXNativeTarget section */

/* Begin PBXProject section */
		3FCBF6B82B17002F00972F72 /* Project object */ = {
			isa = PBXProject;
			attributes = {
				BuildIndependentTargetsInParallel = 1;
				LastSwiftUpdateCheck = 1500;
				LastUpgradeCheck = 1500;
				TargetAttributes = {
					3FCBF6BF2B17002F00972F72 = {
						CreatedOnToolsVersion = 15.0.1;
					};
					3FCBF6D52B17003100972F72 = {
						CreatedOnToolsVersion = 15.0.1;
						TestTargetID = 3FCBF6BF2B17002F00972F72;
					};
					3FCBF6DF2B17003100972F72 = {
						CreatedOnToolsVersion = 15.0.1;
						TestTargetID = 3FCBF6BF2B17002F00972F72;
					};
				};
			};
			buildConfigurationList = 3FCBF6BB2B17002F00972F72 /* Build configuration list for PBXProject "dbmslogin" */;
			compatibilityVersion = "Xcode 14.0";
			developmentRegion = en;
			hasScannedForEncodings = 0;
			knownRegions = (
				en,
				Base,
			);
			mainGroup = 3FCBF6B72B17002F00972F72;
			productRefGroup = 3FCBF6C12B17002F00972F72 /* Products */;
			projectDirPath = "";
			projectRoot = "";
			targets = (
				3FCBF6BF2B17002F00972F72 /* dbmslogin */,
				3FCBF6D52B17003100972F72 /* dbmsloginTests */,
				3FCBF6DF2B17003100972F72 /* dbmsloginUITests */,
			);
		};
/* End PBXProject section */

/* Begin PBXResourcesBuildPhase section */
		3FCBF6BE2B17002F00972F72 /* Resources */ = {
			isa = PBXResourcesBuildPhase;
			buildActionMask = 2147483647;
			files = (
				3FCBF6D02B17003100972F72 /* LaunchScreen.storyboard in Resources */,
				3FCBF6CD2B17003100972F72 /* Assets.xcassets in Resources */,
				3FCBF6CB2B17002F00972F72 /* Main.storyboard in Resources */,
			);
			runOnlyForDeploymentPostprocessing = 0;
		};
		3FCBF6D42B17003100972F72 /* Resources */ = {
			isa = PBXResourcesBuildPhase;
			buildActionMask = 2147483647;
			files = (
			);
			runOnlyForDeploymentPostprocessing = 0;
		};
		3FCBF6DE2B17003100972F72 /* Resources */ = {
			isa = PBXResourcesBuildPhase;
			buildActionMask = 2147483647;
			files = (
			);
			runOnlyForDeploymentPostprocessing = 0;
		};
/* End PBXResourcesBuildPhase section */

/* Begin PBXSourcesBuildPhase section */
		3FCBF6BC2B17002F00972F72 /* Sources */ = {
			isa = PBXSourcesBuildPhase;
			buildActionMask = 2147483647;
			files = (
				3FCBF6C82B17002F00972F72 /* ViewController.swift in Sources */,
				3FCBF6C42B17002F00972F72 /* AppDelegate.swift in Sources */,
				3FCBF6F42B17019D00972F72 /* SignUpViewController.swift in Sources */,
				3FCBF6F62B17028B00972F72 /* LoginViewController.swift in Sources */,
				3FCBF6C62B17002F00972F72 /* SceneDelegate.swift in Sources */,
			);
			runOnlyForDeploymentPostprocessing = 0;
		};
		3FCBF6D22B17003100972F72 /* Sources */ = {
			isa = PBXSourcesBuildPhase;
			buildActionMask = 2147483647;
			files = (
				3FCBF6DB2B17003100972F72 /* dbmsloginTests.swift in Sources */,
			);
			runOnlyForDeploymentPostprocessing = 0;
		};
		3FCBF6DC2B17003100972F72 /* Sources */ = {
			isa = PBXSourcesBuildPhase;
			buildActionMask = 2147483647;
			files = (
				3FCBF6E72B17003100972F72 /* dbmsloginUITestsLaunchTests.swift in Sources */,
				3FCBF6E52B17003100972F72 /* dbmsloginUITests.swift in Sources */,
			);
			runOnlyForDeploymentPostprocessing = 0;
		};
/* End PBXSourcesBuildPhase section */

/* Begin PBXTargetDependency section */
		3FCBF6D82B17003100972F72 /* PBXTargetDependency */ = {
			isa = PBXTargetDependency;
			target = 3FCBF6BF2B17002F00972F72 /* dbmslogin */;
			targetProxy = 3FCBF6D72B17003100972F72 /* PBXContainerItemProxy */;
		};
		3FCBF6E22B17003100972F72 /* PBXTargetDependency */ = {
			isa = PBXTargetDependency;
			target = 3FCBF6BF2B17002F00972F72 /* dbmslogin */;
			targetProxy = 3FCBF6E12B17003100972F72 /* PBXContainerItemProxy */;
		};
/* End PBXTargetDependency section */

/* Begin PBXVariantGroup section */
		3FCBF6C92B17002F00972F72 /* Main.storyboard */ = {
			isa = PBXVariantGroup;
			children = (
				3FCBF6CA2B17002F00972F72 /* Base */,
			);
			name = Main.storyboard;
			sourceTree = "<group>";
		};
		3FCBF6CE2B17003100972F72 /* LaunchScreen.storyboard */ = {
			isa = PBXVariantGroup;
			children = (
				3FCBF6CF2B17003100972F72 /* Base */,
			);
			name = LaunchScreen.storyboard;
			sourceTree = "<group>";
		};
/* End PBXVariantGroup section */

/* Begin XCBuildConfiguration section */
		3FCBF6E82B17003100972F72 /* Debug */ = {
			isa = XCBuildConfiguration;
			buildSettings = {
				ALWAYS_SEARCH_USER_PATHS = NO;
				ASSETCATALOG_COMPILER_GENERATE_SWIFT_ASSET_SYMBOL_EXTENSIONS = YES;
				CLANG_ANALYZER_NONNULL = YES;
				CLANG_ANALYZER_NUMBER_OBJECT_CONVERSION = YES_AGGRESSIVE;
				CLANG_CXX_LANGUAGE_STANDARD = "gnu++20";
				CLANG_ENABLE_MODULES = YES;
				CLANG_ENABLE_OBJC_ARC = YES;
				CLANG_ENABLE_OBJC_WEAK = YES;
				CLANG_WARN_BLOCK_CAPTURE_AUTORELEASING = YES;
				CLANG_WARN_BOOL_CONVERSION = YES;
				CLANG_WARN_COMMA = YES;
				CLANG_WARN_CONSTANT_CONVERSION = YES;
				CLANG_WARN_DEPRECATED_OBJC_IMPLEMENTATIONS = YES;
				CLANG_WARN_DIRECT_OBJC_ISA_USAGE = YES_ERROR;
				CLANG_WARN_DOCUMENTATION_COMMENTS = YES;
				CLANG_WARN_EMPTY_BODY = YES;
				CLANG_WARN_ENUM_CONVERSION = YES;
				CLANG_WARN_INFINITE_RECURSION = YES;
				CLANG_WARN_INT_CONVERSION = YES;
				CLANG_WARN_NON_LITERAL_NULL_CONVERSION = YES;
				CLANG_WARN_OBJC_IMPLICIT_RETAIN_SELF = YES;
				CLANG_WARN_OBJC_LITERAL_CONVERSION = YES;
				CLANG_WARN_OBJC_ROOT_CLASS = YES_ERROR;
				CLANG_WARN_QUOTED_INCLUDE_IN_FRAMEWORK_HEADER = YES;
				CLANG_WARN_RANGE_LOOP_ANALYSIS = YES;
				CLANG_WARN_STRICT_PROTOTYPES = YES;
				CLANG_WARN_SUSPICIOUS_MOVE = YES;
				CLANG_WARN_UNGUARDED_AVAILABILITY = YES_AGGRESSIVE;
				CLANG_WARN_UNREACHABLE_CODE = YES;
				CLANG_WARN__DUPLICATE_METHOD_MATCH = YES;
				COPY_PHASE_STRIP = NO;
				DEBUG_INFORMATION_FORMAT = dwarf;
				ENABLE_STRICT_OBJC_MSGSEND = YES;
				ENABLE_TESTABILITY = YES;
				ENABLE_USER_SCRIPT_SANDBOXING = YES;
				GCC_C_LANGUAGE_STANDARD = gnu17;
				GCC_DYNAMIC_NO_PIC = NO;
				GCC_NO_COMMON_BLOCKS = YES;
				GCC_OPTIMIZATION_LEVEL = 0;
				GCC_PREPROCESSOR_DEFINITIONS = (
					"DEBUG=1",
					"$(inherited)",
				);
				GCC_WARN_64_TO_32_BIT_CONVERSION = YES;
				GCC_WARN_ABOUT_RETURN_TYPE = YES_ERROR;
				GCC_WARN_UNDECLARED_SELECTOR = YES;
				GCC_WARN_UNINITIALIZED_AUTOS = YES_AGGRESSIVE;
				GCC_WARN_UNUSED_FUNCTION = YES;
				GCC_WARN_UNUSED_VARIABLE = YES;
				IPHONEOS_DEPLOYMENT_TARGET = 17.0;
				LOCALIZATION_PREFERS_STRING_CATALOGS = YES;
				MTL_ENABLE_DEBUG_INFO = INCLUDE_SOURCE;
				MTL_FAST_MATH = YES;
				ONLY_ACTIVE_ARCH = YES;
				SDKROOT = iphoneos;
				SWIFT_ACTIVE_COMPILATION_CONDITIONS = "DEBUG $(inherited)";
				SWIFT_OPTIMIZATION_LEVEL = "-Onone";
			};
			name = Debug;
		};
		3FCBF6E92B17003100972F72 /* Release */ = {
			isa = XCBuildConfiguration;
			buildSettings = {
				ALWAYS_SEARCH_USER_PATHS = NO;
				ASSETCATALOG_COMPILER_GENERATE_SWIFT_ASSET_SYMBOL_EXTENSIONS = YES;
				CLANG_ANALYZER_NONNULL = YES;
				CLANG_ANALYZER_NUMBER_OBJECT_CONVERSION = YES_AGGRESSIVE;
				CLANG_CXX_LANGUAGE_STANDARD = "gnu++20";
				CLANG_ENABLE_MODULES = YES;
				CLANG_ENABLE_OBJC_ARC = YES;
				CLANG_ENABLE_OBJC_WEAK = YES;
				CLANG_WARN_BLOCK_CAPTURE_AUTORELEASING = YES;
				CLANG_WARN_BOOL_CONVERSION = YES;
				CLANG_WARN_COMMA = YES;
				CLANG_WARN_CONSTANT_CONVERSION = YES;
				CLANG_WARN_DEPRECATED_OBJC_IMPLEMENTATIONS = YES;
				CLANG_WARN_DIRECT_OBJC_ISA_USAGE = YES_ERROR;
				CLANG_WARN_DOCUMENTATION_COMMENTS = YES;
				CLANG_WARN_EMPTY_BODY = YES;
				CLANG_WARN_ENUM_CONVERSION = YES;
				CLANG_WARN_INFINITE_RECURSION = YES;
				CLANG_WARN_INT_CONVERSION = YES;
				CLANG_WARN_NON_LITERAL_NULL_CONVERSION = YES;
				CLANG_WARN_OBJC_IMPLICIT_RETAIN_SELF = YES;
				CLANG_WARN_OBJC_LITERAL_CONVERSION = YES;
				CLANG_WARN_OBJC_ROOT_CLASS = YES_ERROR;
				CLANG_WARN_QUOTED_INCLUDE_IN_FRAMEWORK_HEADER = YES;
				CLANG_WARN_RANGE_LOOP_ANALYSIS = YES;
				CLANG_WARN_STRICT_PROTOTYPES = YES;
				CLANG_WARN_SUSPICIOUS_MOVE = YES;
				CLANG_WARN_UNGUARDED_AVAILABILITY = YES_AGGRESSIVE;
				CLANG_WARN_UNREACHABLE_CODE = YES;
				CLANG_WARN__DUPLICATE_METHOD_MATCH = YES;
				COPY_PHASE_STRIP = NO;
				DEBUG_INFORMATION_FORMAT = "dwarf-with-dsym";
				ENABLE_NS_ASSERTIONS = NO;
				ENABLE_STRICT_OBJC_MSGSEND = YES;
				ENABLE_USER_SCRIPT_SANDBOXING = YES;
				GCC_C_LANGUAGE_STANDARD = gnu17;
				GCC_NO_COMMON_BLOCKS = YES;
				GCC_WARN_64_TO_32_BIT_CONVERSION = YES;
				GCC_WARN_ABOUT_RETURN_TYPE = YES_ERROR;
				GCC_WARN_UNDECLARED_SELECTOR = YES;
				GCC_WARN_UNINITIALIZED_AUTOS = YES_AGGRESSIVE;
				GCC_WARN_UNUSED_FUNCTION = YES;
				GCC_WARN_UNUSED_VARIABLE = YES;
				IPHONEOS_DEPLOYMENT_TARGET = 17.0;
				LOCALIZATION_PREFERS_STRING_CATALOGS = YES;
				MTL_ENABLE_DEBUG_INFO = NO;
				MTL_FAST_MATH = YES;
				SDKROOT = iphoneos;
				SWIFT_COMPILATION_MODE = wholemodule;
				VALIDATE_PRODUCT = YES;
			};
			name = Release;
		};
		3FCBF6EB2B17003100972F72 /* Debug */ = {
			isa = XCBuildConfiguration;
			buildSettings = {
				ASSETCATALOG_COMPILER_APPICON_NAME = AppIcon;
				ASSETCATALOG_COMPILER_GLOBAL_ACCENT_COLOR_NAME = AccentColor;
				CODE_SIGN_STYLE = Automatic;
				CURRENT_PROJECT_VERSION = 1;
				GENERATE_INFOPLIST_FILE = YES;
				INFOPLIST_FILE = dbmslogin/Info.plist;
				INFOPLIST_KEY_UIApplicationSupportsIndirectInputEvents = YES;
				INFOPLIST_KEY_UILaunchStoryboardName = LaunchScreen;
				INFOPLIST_KEY_UIMainStoryboardFile = Main;
				INFOPLIST_KEY_UISupportedInterfaceOrientations_iPad = "UIInterfaceOrientationPortrait UIInterfaceOrientationPortraitUpsideDown UIInterfaceOrientationLandscapeLeft UIInterfaceOrientationLandscapeRight";
				INFOPLIST_KEY_UISupportedInterfaceOrientations_iPhone = "UIInterfaceOrientationPortrait UIInterfaceOrientationLandscapeLeft UIInterfaceOrientationLandscapeRight";
				LD_RUNPATH_SEARCH_PATHS = (
					"$(inherited)",
					"@executable_path/Frameworks",
				);
				MARKETING_VERSION = 1.0;
				PRODUCT_BUNDLE_IDENTIFIER = dbmslogin.dbmslogin;
				PRODUCT_NAME = "$(TARGET_NAME)";
				SWIFT_EMIT_LOC_STRINGS = YES;
				SWIFT_VERSION = 5.0;
				TARGETED_DEVICE_FAMILY = "1,2";
			};
			name = Debug;
		};
		3FCBF6EC2B17003100972F72 /* Release */ = {
			isa = XCBuildConfiguration;
			buildSettings = {
				ASSETCATALOG_COMPILER_APPICON_NAME = AppIcon;
				ASSETCATALOG_COMPILER_GLOBAL_ACCENT_COLOR_NAME = AccentColor;
				CODE_SIGN_STYLE = Automatic;
				CURRENT_PROJECT_VERSION = 1;
				GENERATE_INFOPLIST_FILE = YES;
				INFOPLIST_FILE = dbmslogin/Info.plist;
				INFOPLIST_KEY_UIApplicationSupportsIndirectInputEvents = YES;
				INFOPLIST_KEY_UILaunchStoryboardName = LaunchScreen;
				INFOPLIST_KEY_UIMainStoryboardFile = Main;
				INFOPLIST_KEY_UISupportedInterfaceOrientations_iPad = "UIInterfaceOrientationPortrait UIInterfaceOrientationPortraitUpsideDown UIInterfaceOrientationLandscapeLeft UIInterfaceOrientationLandscapeRight";
				INFOPLIST_KEY_UISupportedInterfaceOrientations_iPhone = "UIInterfaceOrientationPortrait UIInterfaceOrientationLandscapeLeft UIInterfaceOrientationLandscapeRight";
				LD_RUNPATH_SEARCH_PATHS = (
					"$(inherited)",
					"@executable_path/Frameworks",
				);
				MARKETING_VERSION = 1.0;
				PRODUCT_BUNDLE_IDENTIFIER = dbmslogin.dbmslogin;
				PRODUCT_NAME = "$(TARGET_NAME)";
				SWIFT_EMIT_LOC_STRINGS = YES;
				SWIFT_VERSION = 5.0;
				TARGETED_DEVICE_FAMILY = "1,2";
			};
			name = Release;
		};
		3FCBF6EE2B17003100972F72 /* Debug */ = {
			isa = XCBuildConfiguration;
			buildSettings = {
				ALWAYS_EMBED_SWIFT_STANDARD_LIBRARIES = YES;
				BUNDLE_LOADER = "$(TEST_HOST)";
				CODE_SIGN_STYLE = Automatic;
				CURRENT_PROJECT_VERSION = 1;
				GENERATE_INFOPLIST_FILE = YES;
				IPHONEOS_DEPLOYMENT_TARGET = 17.0;
				MARKETING_VERSION = 1.0;
				PRODUCT_BUNDLE_IDENTIFIER = dbmslogin.dbmsloginTests;
				PRODUCT_NAME = "$(TARGET_NAME)";
				SWIFT_EMIT_LOC_STRINGS = NO;
				SWIFT_VERSION = 5.0;
				TARGETED_DEVICE_FAMILY = "1,2";
				TEST_HOST = "$(BUILT_PRODUCTS_DIR)/dbmslogin.app/$(BUNDLE_EXECUTABLE_FOLDER_PATH)/dbmslogin";
			};
			name = Debug;
		};
		3FCBF6EF2B17003100972F72 /* Release */ = {
			isa = XCBuildConfiguration;
			buildSettings = {
				ALWAYS_EMBED_SWIFT_STANDARD_LIBRARIES = YES;
				BUNDLE_LOADER = "$(TEST_HOST)";
				CODE_SIGN_STYLE = Automatic;
				CURRENT_PROJECT_VERSION = 1;
				GENERATE_INFOPLIST_FILE = YES;
				IPHONEOS_DEPLOYMENT_TARGET = 17.0;
				MARKETING_VERSION = 1.0;
				PRODUCT_BUNDLE_IDENTIFIER = dbmslogin.dbmsloginTests;
				PRODUCT_NAME = "$(TARGET_NAME)";
				SWIFT_EMIT_LOC_STRINGS = NO;
				SWIFT_VERSION = 5.0;
				TARGETED_DEVICE_FAMILY = "1,2";
				TEST_HOST = "$(BUILT_PRODUCTS_DIR)/dbmslogin.app/$(BUNDLE_EXECUTABLE_FOLDER_PATH)/dbmslogin";
			};
			name = Release;
		};
		3FCBF6F12B17003100972F72 /* Debug */ = {
			isa = XCBuildConfiguration;
			buildSettings = {
				ALWAYS_EMBED_SWIFT_STANDARD_LIBRARIES = YES;
				CODE_SIGN_STYLE = Automatic;
				CURRENT_PROJECT_VERSION = 1;
				GENERATE_INFOPLIST_FILE = YES;
				MARKETING_VERSION = 1.0;
				PRODUCT_BUNDLE_IDENTIFIER = dbmslogin.dbmsloginUITests;
				PRODUCT_NAME = "$(TARGET_NAME)";
				SWIFT_EMIT_LOC_STRINGS = NO;
				SWIFT_VERSION = 5.0;
				TARGETED_DEVICE_FAMILY = "1,2";
				TEST_TARGET_NAME = dbmslogin;
			};
			name = Debug;
		};
		3FCBF6F22B17003100972F72 /* Release */ = {
			isa = XCBuildConfiguration;
			buildSettings = {
				ALWAYS_EMBED_SWIFT_STANDARD_LIBRARIES = YES;
				CODE_SIGN_STYLE = Automatic;
				CURRENT_PROJECT_VERSION = 1;
				GENERATE_INFOPLIST_FILE = YES;
				MARKETING_VERSION = 1.0;
				PRODUCT_BUNDLE_IDENTIFIER = dbmslogin.dbmsloginUITests;
				PRODUCT_NAME = "$(TARGET_NAME)";
				SWIFT_EMIT_LOC_STRINGS = NO;
				SWIFT_VERSION = 5.0;
				TARGETED_DEVICE_FAMILY = "1,2";
				TEST_TARGET_NAME = dbmslogin;
			};
			name = Release;
		};
/* End XCBuildConfiguration section */

/* Begin XCConfigurationList section */
		3FCBF6BB2B17002F00972F72 /* Build configuration list for PBXProject "dbmslogin" */ = {
			isa = XCConfigurationList;
			buildConfigurations = (
				3FCBF6E82B17003100972F72 /* Debug */,
				3FCBF6E92B17003100972F72 /* Release */,
			);
			defaultConfigurationIsVisible = 0;
			defaultConfigurationName = Release;
		};
		3FCBF6EA2B17003100972F72 /* Build configuration list for PBXNativeTarget "dbmslogin" */ = {
			isa = XCConfigurationList;
			buildConfigurations = (
				3FCBF6EB2B17003100972F72 /* Debug */,
				3FCBF6EC2B17003100972F72 /* Release */,
			);
			defaultConfigurationIsVisible = 0;
			defaultConfigurationName = Release;
		};
		3FCBF6ED2B17003100972F72 /* Build configuration list for PBXNativeTarget "dbmsloginTests" */ = {
			isa = XCConfigurationList;
			buildConfigurations = (
				3FCBF6EE2B17003100972F72 /* Debug */,
				3FCBF6EF2B17003100972F72 /* Release */,
			);
			defaultConfigurationIsVisible = 0;
			defaultConfigurationName = Release;
		};
		3FCBF6F02B17003100972F72 /* Build configuration list for PBXNativeTarget "dbmsloginUITests" */ = {
			isa = XCConfigurationList;
			buildConfigurations = (
				3FCBF6F12B17003100972F72 /* Debug */,
				3FCBF6F22B17003100972F72 /* Release */,
			);
			defaultConfigurationIsVisible = 0;
			defaultConfigurationName = Release;
		};
/* End XCConfigurationList section */
	};
	rootObject = 3FCBF6B82B17002F00972F72 /* Project object */;
}
