// !$*UTF8*$!
{
	archiveVersion = 1;
	classes = {
	};
	objectVersion = 56;
	objects = {

/* Begin PBXBuildFile section */
		3FCF1F1E2ACD46370018CAAE /* AppDelegate.swift in Sources */ = {isa = PBXBuildFile; fileRef = 3FCF1F1D2ACD46370018CAAE /* AppDelegate.swift */; };
		3FCF1F202ACD46370018CAAE /* SceneDelegate.swift in Sources */ = {isa = PBXBuildFile; fileRef = 3FCF1F1F2ACD46370018CAAE /* SceneDelegate.swift */; };
		3FCF1F252ACD46370018CAAE /* Main.storyboard in Resources */ = {isa = PBXBuildFile; fileRef = 3FCF1F232ACD46370018CAAE /* Main.storyboard */; };
		3FCF1F272ACD46390018CAAE /* Assets.xcassets in Resources */ = {isa = PBXBuildFile; fileRef = 3FCF1F262ACD46390018CAAE /* Assets.xcassets */; };
		3FCF1F2A2ACD46390018CAAE /* LaunchScreen.storyboard in Resources */ = {isa = PBXBuildFile; fileRef = 3FCF1F282ACD46390018CAAE /* LaunchScreen.storyboard */; };
		3FCF1F352ACD46390018CAAE /* loginpracTests.swift in Sources */ = {isa = PBXBuildFile; fileRef = 3FCF1F342ACD46390018CAAE /* loginpracTests.swift */; };
		3FCF1F3F2ACD46390018CAAE /* loginpracUITests.swift in Sources */ = {isa = PBXBuildFile; fileRef = 3FCF1F3E2ACD46390018CAAE /* loginpracUITests.swift */; };
		3FCF1F412ACD46390018CAAE /* loginpracUITestsLaunchTests.swift in Sources */ = {isa = PBXBuildFile; fileRef = 3FCF1F402ACD46390018CAAE /* loginpracUITestsLaunchTests.swift */; };
		3FCF1F4E2ACD4CFA0018CAAE /* LoginViewController.swift in Sources */ = {isa = PBXBuildFile; fileRef = 3FCF1F4D2ACD4CFA0018CAAE /* LoginViewController.swift */; };
		3FCF1F502ACD51C10018CAAE /* RegisterViewController.swift in Sources */ = {isa = PBXBuildFile; fileRef = 3FCF1F4F2ACD51C10018CAAE /* RegisterViewController.swift */; };
/* End PBXBuildFile section */

/* Begin PBXContainerItemProxy section */
		3FCF1F312ACD46390018CAAE /* PBXContainerItemProxy */ = {
			isa = PBXContainerItemProxy;
			containerPortal = 3FCF1F122ACD46370018CAAE /* Project object */;
			proxyType = 1;
			remoteGlobalIDString = 3FCF1F192ACD46370018CAAE;
			remoteInfo = loginprac;
		};
		3FCF1F3B2ACD46390018CAAE /* PBXContainerItemProxy */ = {
			isa = PBXContainerItemProxy;
			containerPortal = 3FCF1F122ACD46370018CAAE /* Project object */;
			proxyType = 1;
			remoteGlobalIDString = 3FCF1F192ACD46370018CAAE;
			remoteInfo = loginprac;
		};
/* End PBXContainerItemProxy section */

/* Begin PBXFileReference section */
		3FCF1F1A2ACD46370018CAAE /* loginprac.app */ = {isa = PBXFileReference; explicitFileType = wrapper.application; includeInIndex = 0; path = loginprac.app; sourceTree = BUILT_PRODUCTS_DIR; };
		3FCF1F1D2ACD46370018CAAE /* AppDelegate.swift */ = {isa = PBXFileReference; lastKnownFileType = sourcecode.swift; path = AppDelegate.swift; sourceTree = "<group>"; };
		3FCF1F1F2ACD46370018CAAE /* SceneDelegate.swift */ = {isa = PBXFileReference; lastKnownFileType = sourcecode.swift; path = SceneDelegate.swift; sourceTree = "<group>"; };
		3FCF1F242ACD46370018CAAE /* Base */ = {isa = PBXFileReference; lastKnownFileType = file.storyboard; name = Base; path = Base.lproj/Main.storyboard; sourceTree = "<group>"; };
		3FCF1F262ACD46390018CAAE /* Assets.xcassets */ = {isa = PBXFileReference; lastKnownFileType = folder.assetcatalog; path = Assets.xcassets; sourceTree = "<group>"; };
		3FCF1F292ACD46390018CAAE /* Base */ = {isa = PBXFileReference; lastKnownFileType = file.storyboard; name = Base; path = Base.lproj/LaunchScreen.storyboard; sourceTree = "<group>"; };
		3FCF1F2B2ACD46390018CAAE /* Info.plist */ = {isa = PBXFileReference; lastKnownFileType = text.plist.xml; path = Info.plist; sourceTree = "<group>"; };
		3FCF1F302ACD46390018CAAE /* loginpracTests.xctest */ = {isa = PBXFileReference; explicitFileType = wrapper.cfbundle; includeInIndex = 0; path = loginpracTests.xctest; sourceTree = BUILT_PRODUCTS_DIR; };
		3FCF1F342ACD46390018CAAE /* loginpracTests.swift */ = {isa = PBXFileReference; lastKnownFileType = sourcecode.swift; path = loginpracTests.swift; sourceTree = "<group>"; };
		3FCF1F3A2ACD46390018CAAE /* loginpracUITests.xctest */ = {isa = PBXFileReference; explicitFileType = wrapper.cfbundle; includeInIndex = 0; path = loginpracUITests.xctest; sourceTree = BUILT_PRODUCTS_DIR; };
		3FCF1F3E2ACD46390018CAAE /* loginpracUITests.swift */ = {isa = PBXFileReference; lastKnownFileType = sourcecode.swift; path = loginpracUITests.swift; sourceTree = "<group>"; };
		3FCF1F402ACD46390018CAAE /* loginpracUITestsLaunchTests.swift */ = {isa = PBXFileReference; lastKnownFileType = sourcecode.swift; path = loginpracUITestsLaunchTests.swift; sourceTree = "<group>"; };
		3FCF1F4D2ACD4CFA0018CAAE /* LoginViewController.swift */ = {isa = PBXFileReference; lastKnownFileType = sourcecode.swift; path = LoginViewController.swift; sourceTree = "<group>"; };
		3FCF1F4F2ACD51C10018CAAE /* RegisterViewController.swift */ = {isa = PBXFileReference; lastKnownFileType = sourcecode.swift; path = RegisterViewController.swift; sourceTree = "<group>"; };
/* End PBXFileReference section */

/* Begin PBXFrameworksBuildPhase section */
		3FCF1F172ACD46370018CAAE /* Frameworks */ = {
			isa = PBXFrameworksBuildPhase;
			buildActionMask = 2147483647;
			files = (
			);
			runOnlyForDeploymentPostprocessing = 0;
		};
		3FCF1F2D2ACD46390018CAAE /* Frameworks */ = {
			isa = PBXFrameworksBuildPhase;
			buildActionMask = 2147483647;
			files = (
			);
			runOnlyForDeploymentPostprocessing = 0;
		};
		3FCF1F372ACD46390018CAAE /* Frameworks */ = {
			isa = PBXFrameworksBuildPhase;
			buildActionMask = 2147483647;
			files = (
			);
			runOnlyForDeploymentPostprocessing = 0;
		};
/* End PBXFrameworksBuildPhase section */

/* Begin PBXGroup section */
		3FCF1F112ACD46370018CAAE = {
			isa = PBXGroup;
			children = (
				3FCF1F1C2ACD46370018CAAE /* loginprac */,
				3FCF1F332ACD46390018CAAE /* loginpracTests */,
				3FCF1F3D2ACD46390018CAAE /* loginpracUITests */,
				3FCF1F1B2ACD46370018CAAE /* Products */,
			);
			sourceTree = "<group>";
		};
		3FCF1F1B2ACD46370018CAAE /* Products */ = {
			isa = PBXGroup;
			children = (
				3FCF1F1A2ACD46370018CAAE /* loginprac.app */,
				3FCF1F302ACD46390018CAAE /* loginpracTests.xctest */,
				3FCF1F3A2ACD46390018CAAE /* loginpracUITests.xctest */,
			);
			name = Products;
			sourceTree = "<group>";
		};
		3FCF1F1C2ACD46370018CAAE /* loginprac */ = {
			isa = PBXGroup;
			children = (
				3FCF1F1D2ACD46370018CAAE /* AppDelegate.swift */,
				3FCF1F1F2ACD46370018CAAE /* SceneDelegate.swift */,
				3FCF1F232ACD46370018CAAE /* Main.storyboard */,
				3FCF1F4F2ACD51C10018CAAE /* RegisterViewController.swift */,
				3FCF1F4D2ACD4CFA0018CAAE /* LoginViewController.swift */,
				3FCF1F262ACD46390018CAAE /* Assets.xcassets */,
				3FCF1F282ACD46390018CAAE /* LaunchScreen.storyboard */,
				3FCF1F2B2ACD46390018CAAE /* Info.plist */,
			);
			path = loginprac;
			sourceTree = "<group>";
		};
		3FCF1F332ACD46390018CAAE /* loginpracTests */ = {
			isa = PBXGroup;
			children = (
				3FCF1F342ACD46390018CAAE /* loginpracTests.swift */,
			);
			path = loginpracTests;
			sourceTree = "<group>";
		};
		3FCF1F3D2ACD46390018CAAE /* loginpracUITests */ = {
			isa = PBXGroup;
			children = (
				3FCF1F3E2ACD46390018CAAE /* loginpracUITests.swift */,
				3FCF1F402ACD46390018CAAE /* loginpracUITestsLaunchTests.swift */,
			);
			path = loginpracUITests;
			sourceTree = "<group>";
		};
/* End PBXGroup section */

/* Begin PBXNativeTarget section */
		3FCF1F192ACD46370018CAAE /* loginprac */ = {
			isa = PBXNativeTarget;
			buildConfigurationList = 3FCF1F442ACD46390018CAAE /* Build configuration list for PBXNativeTarget "loginprac" */;
			buildPhases = (
				3FCF1F162ACD46370018CAAE /* Sources */,
				3FCF1F172ACD46370018CAAE /* Frameworks */,
				3FCF1F182ACD46370018CAAE /* Resources */,
			);
			buildRules = (
			);
			dependencies = (
			);
			name = loginprac;
			productName = loginprac;
			productReference = 3FCF1F1A2ACD46370018CAAE /* loginprac.app */;
			productType = "com.apple.product-type.application";
		};
		3FCF1F2F2ACD46390018CAAE /* loginpracTests */ = {
			isa = PBXNativeTarget;
			buildConfigurationList = 3FCF1F472ACD46390018CAAE /* Build configuration list for PBXNativeTarget "loginpracTests" */;
			buildPhases = (
				3FCF1F2C2ACD46390018CAAE /* Sources */,
				3FCF1F2D2ACD46390018CAAE /* Frameworks */,
				3FCF1F2E2ACD46390018CAAE /* Resources */,
			);
			buildRules = (
			);
			dependencies = (
				3FCF1F322ACD46390018CAAE /* PBXTargetDependency */,
			);
			name = loginpracTests;
			productName = loginpracTests;
			productReference = 3FCF1F302ACD46390018CAAE /* loginpracTests.xctest */;
			productType = "com.apple.product-type.bundle.unit-test";
		};
		3FCF1F392ACD46390018CAAE /* loginpracUITests */ = {
			isa = PBXNativeTarget;
			buildConfigurationList = 3FCF1F4A2ACD46390018CAAE /* Build configuration list for PBXNativeTarget "loginpracUITests" */;
			buildPhases = (
				3FCF1F362ACD46390018CAAE /* Sources */,
				3FCF1F372ACD46390018CAAE /* Frameworks */,
				3FCF1F382ACD46390018CAAE /* Resources */,
			);
			buildRules = (
			);
			dependencies = (
				3FCF1F3C2ACD46390018CAAE /* PBXTargetDependency */,
			);
			name = loginpracUITests;
			productName = loginpracUITests;
			productReference = 3FCF1F3A2ACD46390018CAAE /* loginpracUITests.xctest */;
			productType = "com.apple.product-type.bundle.ui-testing";
		};
/* End PBXNativeTarget section */

/* Begin PBXProject section */
		3FCF1F122ACD46370018CAAE /* Project object */ = {
			isa = PBXProject;
			attributes = {
				BuildIndependentTargetsInParallel = 1;
				LastSwiftUpdateCheck = 1500;
				LastUpgradeCheck = 1500;
				TargetAttributes = {
					3FCF1F192ACD46370018CAAE = {
						CreatedOnToolsVersion = 15.0;
					};
					3FCF1F2F2ACD46390018CAAE = {
						CreatedOnToolsVersion = 15.0;
						TestTargetID = 3FCF1F192ACD46370018CAAE;
					};
					3FCF1F392ACD46390018CAAE = {
						CreatedOnToolsVersion = 15.0;
						TestTargetID = 3FCF1F192ACD46370018CAAE;
					};
				};
			};
			buildConfigurationList = 3FCF1F152ACD46370018CAAE /* Build configuration list for PBXProject "loginprac" */;
			compatibilityVersion = "Xcode 14.0";
			developmentRegion = en;
			hasScannedForEncodings = 0;
			knownRegions = (
				en,
				Base,
			);
			mainGroup = 3FCF1F112ACD46370018CAAE;
			productRefGroup = 3FCF1F1B2ACD46370018CAAE /* Products */;
			projectDirPath = "";
			projectRoot = "";
			targets = (
				3FCF1F192ACD46370018CAAE /* loginprac */,
				3FCF1F2F2ACD46390018CAAE /* loginpracTests */,
				3FCF1F392ACD46390018CAAE /* loginpracUITests */,
			);
		};
/* End PBXProject section */

/* Begin PBXResourcesBuildPhase section */
		3FCF1F182ACD46370018CAAE /* Resources */ = {
			isa = PBXResourcesBuildPhase;
			buildActionMask = 2147483647;
			files = (
				3FCF1F2A2ACD46390018CAAE /* LaunchScreen.storyboard in Resources */,
				3FCF1F272ACD46390018CAAE /* Assets.xcassets in Resources */,
				3FCF1F252ACD46370018CAAE /* Main.storyboard in Resources */,
			);
			runOnlyForDeploymentPostprocessing = 0;
		};
		3FCF1F2E2ACD46390018CAAE /* Resources */ = {
			isa = PBXResourcesBuildPhase;
			buildActionMask = 2147483647;
			files = (
			);
			runOnlyForDeploymentPostprocessing = 0;
		};
		3FCF1F382ACD46390018CAAE /* Resources */ = {
			isa = PBXResourcesBuildPhase;
			buildActionMask = 2147483647;
			files = (
			);
			runOnlyForDeploymentPostprocessing = 0;
		};
/* End PBXResourcesBuildPhase section */

/* Begin PBXSourcesBuildPhase section */
		3FCF1F162ACD46370018CAAE /* Sources */ = {
			isa = PBXSourcesBuildPhase;
			buildActionMask = 2147483647;
			files = (
				3FCF1F4E2ACD4CFA0018CAAE /* LoginViewController.swift in Sources */,
				3FCF1F1E2ACD46370018CAAE /* AppDelegate.swift in Sources */,
				3FCF1F202ACD46370018CAAE /* SceneDelegate.swift in Sources */,
				3FCF1F502ACD51C10018CAAE /* RegisterViewController.swift in Sources */,
			);
			runOnlyForDeploymentPostprocessing = 0;
		};
		3FCF1F2C2ACD46390018CAAE /* Sources */ = {
			isa = PBXSourcesBuildPhase;
			buildActionMask = 2147483647;
			files = (
				3FCF1F352ACD46390018CAAE /* loginpracTests.swift in Sources */,
			);
			runOnlyForDeploymentPostprocessing = 0;
		};
		3FCF1F362ACD46390018CAAE /* Sources */ = {
			isa = PBXSourcesBuildPhase;
			buildActionMask = 2147483647;
			files = (
				3FCF1F412ACD46390018CAAE /* loginpracUITestsLaunchTests.swift in Sources */,
				3FCF1F3F2ACD46390018CAAE /* loginpracUITests.swift in Sources */,
			);
			runOnlyForDeploymentPostprocessing = 0;
		};
/* End PBXSourcesBuildPhase section */

/* Begin PBXTargetDependency section */
		3FCF1F322ACD46390018CAAE /* PBXTargetDependency */ = {
			isa = PBXTargetDependency;
			target = 3FCF1F192ACD46370018CAAE /* loginprac */;
			targetProxy = 3FCF1F312ACD46390018CAAE /* PBXContainerItemProxy */;
		};
		3FCF1F3C2ACD46390018CAAE /* PBXTargetDependency */ = {
			isa = PBXTargetDependency;
			target = 3FCF1F192ACD46370018CAAE /* loginprac */;
			targetProxy = 3FCF1F3B2ACD46390018CAAE /* PBXContainerItemProxy */;
		};
/* End PBXTargetDependency section */

/* Begin PBXVariantGroup section */
		3FCF1F232ACD46370018CAAE /* Main.storyboard */ = {
			isa = PBXVariantGroup;
			children = (
				3FCF1F242ACD46370018CAAE /* Base */,
			);
			name = Main.storyboard;
			sourceTree = "<group>";
		};
		3FCF1F282ACD46390018CAAE /* LaunchScreen.storyboard */ = {
			isa = PBXVariantGroup;
			children = (
				3FCF1F292ACD46390018CAAE /* Base */,
			);
			name = LaunchScreen.storyboard;
			sourceTree = "<group>";
		};
/* End PBXVariantGroup section */

/* Begin XCBuildConfiguration section */
		3FCF1F422ACD46390018CAAE /* Debug */ = {
			isa = XCBuildConfiguration;
			buildSettings = {
				ALWAYS_SEARCH_USER_PATHS = NO;
				ASSETCATALOG_COMPILER_GENERATE_SWIFT_ASSET_SYMBOL_EXTENSIONS = YES;
				CLANG_ANALYZER_NONNULL = YES;
				CLANG_ANALYZER_NUMBER_OBJECT_CONVERSION = YES_AGGRESSIVE;
				CLANG_CXX_LANGUAGE_STANDARD = "gnu++20";
				CLANG_ENABLE_MODULES = YES;
				CLANG_ENABLE_OBJC_ARC = YES;
				CLANG_ENABLE_OBJC_WEAK = YES;
				CLANG_WARN_BLOCK_CAPTURE_AUTORELEASING = YES;
				CLANG_WARN_BOOL_CONVERSION = YES;
				CLANG_WARN_COMMA = YES;
				CLANG_WARN_CONSTANT_CONVERSION = YES;
				CLANG_WARN_DEPRECATED_OBJC_IMPLEMENTATIONS = YES;
				CLANG_WARN_DIRECT_OBJC_ISA_USAGE = YES_ERROR;
				CLANG_WARN_DOCUMENTATION_COMMENTS = YES;
				CLANG_WARN_EMPTY_BODY = YES;
				CLANG_WARN_ENUM_CONVERSION = YES;
				CLANG_WARN_INFINITE_RECURSION = YES;
				CLANG_WARN_INT_CONVERSION = YES;
				CLANG_WARN_NON_LITERAL_NULL_CONVERSION = YES;
				CLANG_WARN_OBJC_IMPLICIT_RETAIN_SELF = YES;
				CLANG_WARN_OBJC_LITERAL_CONVERSION = YES;
				CLANG_WARN_OBJC_ROOT_CLASS = YES_ERROR;
				CLANG_WARN_QUOTED_INCLUDE_IN_FRAMEWORK_HEADER = YES;
				CLANG_WARN_RANGE_LOOP_ANALYSIS = YES;
				CLANG_WARN_STRICT_PROTOTYPES = YES;
				CLANG_WARN_SUSPICIOUS_MOVE = YES;
				CLANG_WARN_UNGUARDED_AVAILABILITY = YES_AGGRESSIVE;
				CLANG_WARN_UNREACHABLE_CODE = YES;
				CLANG_WARN__DUPLICATE_METHOD_MATCH = YES;
				COPY_PHASE_STRIP = NO;
				DEBUG_INFORMATION_FORMAT = dwarf;
				ENABLE_STRICT_OBJC_MSGSEND = YES;
				ENABLE_TESTABILITY = YES;
				ENABLE_USER_SCRIPT_SANDBOXING = YES;
				GCC_C_LANGUAGE_STANDARD = gnu17;
				GCC_DYNAMIC_NO_PIC = NO;
				GCC_NO_COMMON_BLOCKS = YES;
				GCC_OPTIMIZATION_LEVEL = 0;
				GCC_PREPROCESSOR_DEFINITIONS = (
					"DEBUG=1",
					"$(inherited)",
				);
				GCC_WARN_64_TO_32_BIT_CONVERSION = YES;
				GCC_WARN_ABOUT_RETURN_TYPE = YES_ERROR;
				GCC_WARN_UNDECLARED_SELECTOR = YES;
				GCC_WARN_UNINITIALIZED_AUTOS = YES_AGGRESSIVE;
				GCC_WARN_UNUSED_FUNCTION = YES;
				GCC_WARN_UNUSED_VARIABLE = YES;
				IPHONEOS_DEPLOYMENT_TARGET = 17.0;
				LOCALIZATION_PREFERS_STRING_CATALOGS = YES;
				MTL_ENABLE_DEBUG_INFO = INCLUDE_SOURCE;
				MTL_FAST_MATH = YES;
				ONLY_ACTIVE_ARCH = YES;
				SDKROOT = iphoneos;
				SWIFT_ACTIVE_COMPILATION_CONDITIONS = "DEBUG $(inherited)";
				SWIFT_OPTIMIZATION_LEVEL = "-Onone";
			};
			name = Debug;
		};
		3FCF1F432ACD46390018CAAE /* Release */ = {
			isa = XCBuildConfiguration;
			buildSettings = {
				ALWAYS_SEARCH_USER_PATHS = NO;
				ASSETCATALOG_COMPILER_GENERATE_SWIFT_ASSET_SYMBOL_EXTENSIONS = YES;
				CLANG_ANALYZER_NONNULL = YES;
				CLANG_ANALYZER_NUMBER_OBJECT_CONVERSION = YES_AGGRESSIVE;
				CLANG_CXX_LANGUAGE_STANDARD = "gnu++20";
				CLANG_ENABLE_MODULES = YES;
				CLANG_ENABLE_OBJC_ARC = YES;
				CLANG_ENABLE_OBJC_WEAK = YES;
				CLANG_WARN_BLOCK_CAPTURE_AUTORELEASING = YES;
				CLANG_WARN_BOOL_CONVERSION = YES;
				CLANG_WARN_COMMA = YES;
				CLANG_WARN_CONSTANT_CONVERSION = YES;
				CLANG_WARN_DEPRECATED_OBJC_IMPLEMENTATIONS = YES;
				CLANG_WARN_DIRECT_OBJC_ISA_USAGE = YES_ERROR;
				CLANG_WARN_DOCUMENTATION_COMMENTS = YES;
				CLANG_WARN_EMPTY_BODY = YES;
				CLANG_WARN_ENUM_CONVERSION = YES;
				CLANG_WARN_INFINITE_RECURSION = YES;
				CLANG_WARN_INT_CONVERSION = YES;
				CLANG_WARN_NON_LITERAL_NULL_CONVERSION = YES;
				CLANG_WARN_OBJC_IMPLICIT_RETAIN_SELF = YES;
				CLANG_WARN_OBJC_LITERAL_CONVERSION = YES;
				CLANG_WARN_OBJC_ROOT_CLASS = YES_ERROR;
				CLANG_WARN_QUOTED_INCLUDE_IN_FRAMEWORK_HEADER = YES;
				CLANG_WARN_RANGE_LOOP_ANALYSIS = YES;
				CLANG_WARN_STRICT_PROTOTYPES = YES;
				CLANG_WARN_SUSPICIOUS_MOVE = YES;
				CLANG_WARN_UNGUARDED_AVAILABILITY = YES_AGGRESSIVE;
				CLANG_WARN_UNREACHABLE_CODE = YES;
				CLANG_WARN__DUPLICATE_METHOD_MATCH = YES;
				COPY_PHASE_STRIP = NO;
				DEBUG_INFORMATION_FORMAT = "dwarf-with-dsym";
				ENABLE_NS_ASSERTIONS = NO;
				ENABLE_STRICT_OBJC_MSGSEND = YES;
				ENABLE_USER_SCRIPT_SANDBOXING = YES;
				GCC_C_LANGUAGE_STANDARD = gnu17;
				GCC_NO_COMMON_BLOCKS = YES;
				GCC_WARN_64_TO_32_BIT_CONVERSION = YES;
				GCC_WARN_ABOUT_RETURN_TYPE = YES_ERROR;
				GCC_WARN_UNDECLARED_SELECTOR = YES;
				GCC_WARN_UNINITIALIZED_AUTOS = YES_AGGRESSIVE;
				GCC_WARN_UNUSED_FUNCTION = YES;
				GCC_WARN_UNUSED_VARIABLE = YES;
				IPHONEOS_DEPLOYMENT_TARGET = 17.0;
				LOCALIZATION_PREFERS_STRING_CATALOGS = YES;
				MTL_ENABLE_DEBUG_INFO = NO;
				MTL_FAST_MATH = YES;
				SDKROOT = iphoneos;
				SWIFT_COMPILATION_MODE = wholemodule;
				VALIDATE_PRODUCT = YES;
			};
			name = Release;
		};
		3FCF1F452ACD46390018CAAE /* Debug */ = {
			isa = XCBuildConfiguration;
			buildSettings = {
				ASSETCATALOG_COMPILER_APPICON_NAME = AppIcon;
				ASSETCATALOG_COMPILER_GLOBAL_ACCENT_COLOR_NAME = AccentColor;
				CODE_SIGN_STYLE = Automatic;
				CURRENT_PROJECT_VERSION = 1;
				GENERATE_INFOPLIST_FILE = YES;
				INFOPLIST_FILE = loginprac/Info.plist;
				INFOPLIST_KEY_UIApplicationSupportsIndirectInputEvents = YES;
				INFOPLIST_KEY_UILaunchStoryboardName = LaunchScreen;
				INFOPLIST_KEY_UIMainStoryboardFile = Main;
				INFOPLIST_KEY_UISupportedInterfaceOrientations_iPad = "UIInterfaceOrientationPortrait UIInterfaceOrientationPortraitUpsideDown UIInterfaceOrientationLandscapeLeft UIInterfaceOrientationLandscapeRight";
				INFOPLIST_KEY_UISupportedInterfaceOrientations_iPhone = "UIInterfaceOrientationPortrait UIInterfaceOrientationLandscapeLeft UIInterfaceOrientationLandscapeRight";
				LD_RUNPATH_SEARCH_PATHS = (
					"$(inherited)",
					"@executable_path/Frameworks",
				);
				MARKETING_VERSION = 1.0;
				PRODUCT_BUNDLE_IDENTIFIER = loginprac.loginprac;
				PRODUCT_NAME = "$(TARGET_NAME)";
				SWIFT_EMIT_LOC_STRINGS = YES;
				SWIFT_VERSION = 5.0;
				TARGETED_DEVICE_FAMILY = "1,2";
			};
			name = Debug;
		};
		3FCF1F462ACD46390018CAAE /* Release */ = {
			isa = XCBuildConfiguration;
			buildSettings = {
				ASSETCATALOG_COMPILER_APPICON_NAME = AppIcon;
				ASSETCATALOG_COMPILER_GLOBAL_ACCENT_COLOR_NAME = AccentColor;
				CODE_SIGN_STYLE = Automatic;
				CURRENT_PROJECT_VERSION = 1;
				GENERATE_INFOPLIST_FILE = YES;
				INFOPLIST_FILE = loginprac/Info.plist;
				INFOPLIST_KEY_UIApplicationSupportsIndirectInputEvents = YES;
				INFOPLIST_KEY_UILaunchStoryboardName = LaunchScreen;
				INFOPLIST_KEY_UIMainStoryboardFile = Main;
				INFOPLIST_KEY_UISupportedInterfaceOrientations_iPad = "UIInterfaceOrientationPortrait UIInterfaceOrientationPortraitUpsideDown UIInterfaceOrientationLandscapeLeft UIInterfaceOrientationLandscapeRight";
				INFOPLIST_KEY_UISupportedInterfaceOrientations_iPhone = "UIInterfaceOrientationPortrait UIInterfaceOrientationLandscapeLeft UIInterfaceOrientationLandscapeRight";
				LD_RUNPATH_SEARCH_PATHS = (
					"$(inherited)",
					"@executable_path/Frameworks",
				);
				MARKETING_VERSION = 1.0;
				PRODUCT_BUNDLE_IDENTIFIER = loginprac.loginprac;
				PRODUCT_NAME = "$(TARGET_NAME)";
				SWIFT_EMIT_LOC_STRINGS = YES;
				SWIFT_VERSION = 5.0;
				TARGETED_DEVICE_FAMILY = "1,2";
			};
			name = Release;
		};
		3FCF1F482ACD46390018CAAE /* Debug */ = {
			isa = XCBuildConfiguration;
			buildSettings = {
				ALWAYS_EMBED_SWIFT_STANDARD_LIBRARIES = YES;
				BUNDLE_LOADER = "$(TEST_HOST)";
				CODE_SIGN_STYLE = Automatic;
				CURRENT_PROJECT_VERSION = 1;
				GENERATE_INFOPLIST_FILE = YES;
				IPHONEOS_DEPLOYMENT_TARGET = 17.0;
				MARKETING_VERSION = 1.0;
				PRODUCT_BUNDLE_IDENTIFIER = loginprac.loginpracTests;
				PRODUCT_NAME = "$(TARGET_NAME)";
				SWIFT_EMIT_LOC_STRINGS = NO;
				SWIFT_VERSION = 5.0;
				TARGETED_DEVICE_FAMILY = "1,2";
				TEST_HOST = "$(BUILT_PRODUCTS_DIR)/loginprac.app/$(BUNDLE_EXECUTABLE_FOLDER_PATH)/loginprac";
			};
			name = Debug;
		};
		3FCF1F492ACD46390018CAAE /* Release */ = {
			isa = XCBuildConfiguration;
			buildSettings = {
				ALWAYS_EMBED_SWIFT_STANDARD_LIBRARIES = YES;
				BUNDLE_LOADER = "$(TEST_HOST)";
				CODE_SIGN_STYLE = Automatic;
				CURRENT_PROJECT_VERSION = 1;
				GENERATE_INFOPLIST_FILE = YES;
				IPHONEOS_DEPLOYMENT_TARGET = 17.0;
				MARKETING_VERSION = 1.0;
				PRODUCT_BUNDLE_IDENTIFIER = loginprac.loginpracTests;
				PRODUCT_NAME = "$(TARGET_NAME)";
				SWIFT_EMIT_LOC_STRINGS = NO;
				SWIFT_VERSION = 5.0;
				TARGETED_DEVICE_FAMILY = "1,2";
				TEST_HOST = "$(BUILT_PRODUCTS_DIR)/loginprac.app/$(BUNDLE_EXECUTABLE_FOLDER_PATH)/loginprac";
			};
			name = Release;
		};
		3FCF1F4B2ACD46390018CAAE /* Debug */ = {
			isa = XCBuildConfiguration;
			buildSettings = {
				ALWAYS_EMBED_SWIFT_STANDARD_LIBRARIES = YES;
				CODE_SIGN_STYLE = Automatic;
				CURRENT_PROJECT_VERSION = 1;
				GENERATE_INFOPLIST_FILE = YES;
				MARKETING_VERSION = 1.0;
				PRODUCT_BUNDLE_IDENTIFIER = loginprac.loginpracUITests;
				PRODUCT_NAME = "$(TARGET_NAME)";
				SWIFT_EMIT_LOC_STRINGS = NO;
				SWIFT_VERSION = 5.0;
				TARGETED_DEVICE_FAMILY = "1,2";
				TEST_TARGET_NAME = loginprac;
			};
			name = Debug;
		};
		3FCF1F4C2ACD46390018CAAE /* Release */ = {
			isa = XCBuildConfiguration;
			buildSettings = {
				ALWAYS_EMBED_SWIFT_STANDARD_LIBRARIES = YES;
				CODE_SIGN_STYLE = Automatic;
				CURRENT_PROJECT_VERSION = 1;
				GENERATE_INFOPLIST_FILE = YES;
				MARKETING_VERSION = 1.0;
				PRODUCT_BUNDLE_IDENTIFIER = loginprac.loginpracUITests;
				PRODUCT_NAME = "$(TARGET_NAME)";
				SWIFT_EMIT_LOC_STRINGS = NO;
				SWIFT_VERSION = 5.0;
				TARGETED_DEVICE_FAMILY = "1,2";
				TEST_TARGET_NAME = loginprac;
			};
			name = Release;
		};
/* End XCBuildConfiguration section */

/* Begin XCConfigurationList section */
		3FCF1F152ACD46370018CAAE /* Build configuration list for PBXProject "loginprac" */ = {
			isa = XCConfigurationList;
			buildConfigurations = (
				3FCF1F422ACD46390018CAAE /* Debug */,
				3FCF1F432ACD46390018CAAE /* Release */,
			);
			defaultConfigurationIsVisible = 0;
			defaultConfigurationName = Release;
		};
		3FCF1F442ACD46390018CAAE /* Build configuration list for PBXNativeTarget "loginprac" */ = {
			isa = XCConfigurationList;
			buildConfigurations = (
				3FCF1F452ACD46390018CAAE /* Debug */,
				3FCF1F462ACD46390018CAAE /* Release */,
			);
			defaultConfigurationIsVisible = 0;
			defaultConfigurationName = Release;
		};
		3FCF1F472ACD46390018CAAE /* Build configuration list for PBXNativeTarget "loginpracTests" */ = {
			isa = XCConfigurationList;
			buildConfigurations = (
				3FCF1F482ACD46390018CAAE /* Debug */,
				3FCF1F492ACD46390018CAAE /* Release */,
			);
			defaultConfigurationIsVisible = 0;
			defaultConfigurationName = Release;
		};
		3FCF1F4A2ACD46390018CAAE /* Build configuration list for PBXNativeTarget "loginpracUITests" */ = {
			isa = XCConfigurationList;
			buildConfigurations = (
				3FCF1F4B2ACD46390018CAAE /* Debug */,
				3FCF1F4C2ACD46390018CAAE /* Release */,
			);
			defaultConfigurationIsVisible = 0;
			defaultConfigurationName = Release;
		};
/* End XCConfigurationList section */
	};
	rootObject = 3FCF1F122ACD46370018CAAE /* Project object */;
}
