// !$*UTF8*$!
{
	archiveVersion = 1;
	classes = {
	};
	objectVersion = 56;
	objects = {

/* Begin PBXBuildFile section */
		3FF030522B0DBE09009EC416 /* AppDelegate.swift in Sources */ = {isa = PBXBuildFile; fileRef = 3FF030512B0DBE09009EC416 /* AppDelegate.swift */; };
		3FF030542B0DBE09009EC416 /* SceneDelegate.swift in Sources */ = {isa = PBXBuildFile; fileRef = 3FF030532B0DBE09009EC416 /* SceneDelegate.swift */; };
		3FF030562B0DBE09009EC416 /* ViewController.swift in Sources */ = {isa = PBXBuildFile; fileRef = 3FF030552B0DBE09009EC416 /* ViewController.swift */; };
		3FF030592B0DBE09009EC416 /* Main.storyboard in Resources */ = {isa = PBXBuildFile; fileRef = 3FF030572B0DBE09009EC416 /* Main.storyboard */; };
		3FF0305B2B0DBE0A009EC416 /* Assets.xcassets in Resources */ = {isa = PBXBuildFile; fileRef = 3FF0305A2B0DBE0A009EC416 /* Assets.xcassets */; };
		3FF0305E2B0DBE0A009EC416 /* LaunchScreen.storyboard in Resources */ = {isa = PBXBuildFile; fileRef = 3FF0305C2B0DBE0A009EC416 /* LaunchScreen.storyboard */; };
		3FF030692B0DBE0A009EC416 /* catstagramTests.swift in Sources */ = {isa = PBXBuildFile; fileRef = 3FF030682B0DBE0A009EC416 /* catstagramTests.swift */; };
		3FF030732B0DBE0A009EC416 /* catstagramUITests.swift in Sources */ = {isa = PBXBuildFile; fileRef = 3FF030722B0DBE0A009EC416 /* catstagramUITests.swift */; };
		3FF030752B0DBE0A009EC416 /* catstagramUITestsLaunchTests.swift in Sources */ = {isa = PBXBuildFile; fileRef = 3FF030742B0DBE0A009EC416 /* catstagramUITestsLaunchTests.swift */; };
		3FF030832B0DC21C009EC416 /* HomeViewController.swift in Sources */ = {isa = PBXBuildFile; fileRef = 3FF030822B0DC21C009EC416 /* HomeViewController.swift */; };
		3FFA787A2B0DC40A00D68C89 /* FeedTableViewCell.swift in Sources */ = {isa = PBXBuildFile; fileRef = 3FFA78782B0DC40A00D68C89 /* FeedTableViewCell.swift */; };
		3FFA787B2B0DC40A00D68C89 /* FeedTableViewCell.xib in Resources */ = {isa = PBXBuildFile; fileRef = 3FFA78792B0DC40A00D68C89 /* FeedTableViewCell.xib */; };
		3FFA787E2B0DD0A700D68C89 /* StoryTableViewCell.swift in Sources */ = {isa = PBXBuildFile; fileRef = 3FFA787C2B0DD0A700D68C89 /* StoryTableViewCell.swift */; };
		3FFA787F2B0DD0A700D68C89 /* StoryTableViewCell.xib in Resources */ = {isa = PBXBuildFile; fileRef = 3FFA787D2B0DD0A700D68C89 /* StoryTableViewCell.xib */; };
		3FFA78822B0DD4A100D68C89 /* StoryCollectionViewCell.swift in Sources */ = {isa = PBXBuildFile; fileRef = 3FFA78802B0DD4A100D68C89 /* StoryCollectionViewCell.swift */; };
		3FFA78832B0DD4A100D68C89 /* StoryCollectionViewCell.xib in Resources */ = {isa = PBXBuildFile; fileRef = 3FFA78812B0DD4A100D68C89 /* StoryCollectionViewCell.xib */; };
		3FFA78862B0DDB8D00D68C89 /* ProfileViewController.swift in Sources */ = {isa = PBXBuildFile; fileRef = 3FFA78852B0DDB8D00D68C89 /* ProfileViewController.swift */; };
		3FFA788A2B0DDD3D00D68C89 /* ProfileCollectionViewCell.swift in Sources */ = {isa = PBXBuildFile; fileRef = 3FFA78882B0DDD3D00D68C89 /* ProfileCollectionViewCell.swift */; };
		3FFA788B2B0DDD3D00D68C89 /* ProfileCollectionViewCell.xib in Resources */ = {isa = PBXBuildFile; fileRef = 3FFA78892B0DDD3D00D68C89 /* ProfileCollectionViewCell.xib */; };
/* End PBXBuildFile section */

/* Begin PBXContainerItemProxy section */
		3FF030652B0DBE0A009EC416 /* PBXContainerItemProxy */ = {
			isa = PBXContainerItemProxy;
			containerPortal = 3FF030462B0DBE09009EC416 /* Project object */;
			proxyType = 1;
			remoteGlobalIDString = 3FF0304D2B0DBE09009EC416;
			remoteInfo = catstagram;
		};
		3FF0306F2B0DBE0A009EC416 /* PBXContainerItemProxy */ = {
			isa = PBXContainerItemProxy;
			containerPortal = 3FF030462B0DBE09009EC416 /* Project object */;
			proxyType = 1;
			remoteGlobalIDString = 3FF0304D2B0DBE09009EC416;
			remoteInfo = catstagram;
		};
/* End PBXContainerItemProxy section */

/* Begin PBXFileReference section */
		3FF0304E2B0DBE09009EC416 /* catstagram.app */ = {isa = PBXFileReference; explicitFileType = wrapper.application; includeInIndex = 0; path = catstagram.app; sourceTree = BUILT_PRODUCTS_DIR; };
		3FF030512B0DBE09009EC416 /* AppDelegate.swift */ = {isa = PBXFileReference; lastKnownFileType = sourcecode.swift; path = AppDelegate.swift; sourceTree = "<group>"; };
		3FF030532B0DBE09009EC416 /* SceneDelegate.swift */ = {isa = PBXFileReference; lastKnownFileType = sourcecode.swift; path = SceneDelegate.swift; sourceTree = "<group>"; };
		3FF030552B0DBE09009EC416 /* ViewController.swift */ = {isa = PBXFileReference; lastKnownFileType = sourcecode.swift; path = ViewController.swift; sourceTree = "<group>"; };
		3FF030582B0DBE09009EC416 /* Base */ = {isa = PBXFileReference; lastKnownFileType = file.storyboard; name = Base; path = Base.lproj/Main.storyboard; sourceTree = "<group>"; };
		3FF0305A2B0DBE0A009EC416 /* Assets.xcassets */ = {isa = PBXFileReference; lastKnownFileType = folder.assetcatalog; path = Assets.xcassets; sourceTree = "<group>"; };
		3FF0305D2B0DBE0A009EC416 /* Base */ = {isa = PBXFileReference; lastKnownFileType = file.storyboard; name = Base; path = Base.lproj/LaunchScreen.storyboard; sourceTree = "<group>"; };
		3FF0305F2B0DBE0A009EC416 /* Info.plist */ = {isa = PBXFileReference; lastKnownFileType = text.plist.xml; path = Info.plist; sourceTree = "<group>"; };
		3FF030642B0DBE0A009EC416 /* catstagramTests.xctest */ = {isa = PBXFileReference; explicitFileType = wrapper.cfbundle; includeInIndex = 0; path = catstagramTests.xctest; sourceTree = BUILT_PRODUCTS_DIR; };
		3FF030682B0DBE0A009EC416 /* catstagramTests.swift */ = {isa = PBXFileReference; lastKnownFileType = sourcecode.swift; path = catstagramTests.swift; sourceTree = "<group>"; };
		3FF0306E2B0DBE0A009EC416 /* catstagramUITests.xctest */ = {isa = PBXFileReference; explicitFileType = wrapper.cfbundle; includeInIndex = 0; path = catstagramUITests.xctest; sourceTree = BUILT_PRODUCTS_DIR; };
		3FF030722B0DBE0A009EC416 /* catstagramUITests.swift */ = {isa = PBXFileReference; lastKnownFileType = sourcecode.swift; path = catstagramUITests.swift; sourceTree = "<group>"; };
		3FF030742B0DBE0A009EC416 /* catstagramUITestsLaunchTests.swift */ = {isa = PBXFileReference; lastKnownFileType = sourcecode.swift; path = catstagramUITestsLaunchTests.swift; sourceTree = "<group>"; };
		3FF030822B0DC21C009EC416 /* HomeViewController.swift */ = {isa = PBXFileReference; lastKnownFileType = sourcecode.swift; path = HomeViewController.swift; sourceTree = "<group>"; };
		3FFA78782B0DC40A00D68C89 /* FeedTableViewCell.swift */ = {isa = PBXFileReference; lastKnownFileType = sourcecode.swift; path = FeedTableViewCell.swift; sourceTree = "<group>"; };
		3FFA78792B0DC40A00D68C89 /* FeedTableViewCell.xib */ = {isa = PBXFileReference; lastKnownFileType = file.xib; path = FeedTableViewCell.xib; sourceTree = "<group>"; };
		3FFA787C2B0DD0A700D68C89 /* StoryTableViewCell.swift */ = {isa = PBXFileReference; lastKnownFileType = sourcecode.swift; path = StoryTableViewCell.swift; sourceTree = "<group>"; };
		3FFA787D2B0DD0A700D68C89 /* StoryTableViewCell.xib */ = {isa = PBXFileReference; lastKnownFileType = file.xib; path = StoryTableViewCell.xib; sourceTree = "<group>"; };
		3FFA78802B0DD4A100D68C89 /* StoryCollectionViewCell.swift */ = {isa = PBXFileReference; lastKnownFileType = sourcecode.swift; path = StoryCollectionViewCell.swift; sourceTree = "<group>"; };
		3FFA78812B0DD4A100D68C89 /* StoryCollectionViewCell.xib */ = {isa = PBXFileReference; lastKnownFileType = file.xib; path = StoryCollectionViewCell.xib; sourceTree = "<group>"; };
		3FFA78852B0DDB8D00D68C89 /* ProfileViewController.swift */ = {isa = PBXFileReference; lastKnownFileType = sourcecode.swift; path = ProfileViewController.swift; sourceTree = "<group>"; };
		3FFA78882B0DDD3D00D68C89 /* ProfileCollectionViewCell.swift */ = {isa = PBXFileReference; lastKnownFileType = sourcecode.swift; path = ProfileCollectionViewCell.swift; sourceTree = "<group>"; };
		3FFA78892B0DDD3D00D68C89 /* ProfileCollectionViewCell.xib */ = {isa = PBXFileReference; lastKnownFileType = file.xib; path = ProfileCollectionViewCell.xib; sourceTree = "<group>"; };
/* End PBXFileReference section */

/* Begin PBXFrameworksBuildPhase section */
		3FF0304B2B0DBE09009EC416 /* Frameworks */ = {
			isa = PBXFrameworksBuildPhase;
			buildActionMask = 2147483647;
			files = (
			);
			runOnlyForDeploymentPostprocessing = 0;
		};
		3FF030612B0DBE0A009EC416 /* Frameworks */ = {
			isa = PBXFrameworksBuildPhase;
			buildActionMask = 2147483647;
			files = (
			);
			runOnlyForDeploymentPostprocessing = 0;
		};
		3FF0306B2B0DBE0A009EC416 /* Frameworks */ = {
			isa = PBXFrameworksBuildPhase;
			buildActionMask = 2147483647;
			files = (
			);
			runOnlyForDeploymentPostprocessing = 0;
		};
/* End PBXFrameworksBuildPhase section */

/* Begin PBXGroup section */
		3FF030452B0DBE09009EC416 = {
			isa = PBXGroup;
			children = (
				3FF030502B0DBE09009EC416 /* catstagram */,
				3FF030672B0DBE0A009EC416 /* catstagramTests */,
				3FF030712B0DBE0A009EC416 /* catstagramUITests */,
				3FF0304F2B0DBE09009EC416 /* Products */,
			);
			sourceTree = "<group>";
		};
		3FF0304F2B0DBE09009EC416 /* Products */ = {
			isa = PBXGroup;
			children = (
				3FF0304E2B0DBE09009EC416 /* catstagram.app */,
				3FF030642B0DBE0A009EC416 /* catstagramTests.xctest */,
				3FF0306E2B0DBE0A009EC416 /* catstagramUITests.xctest */,
			);
			name = Products;
			sourceTree = "<group>";
		};
		3FF030502B0DBE09009EC416 /* catstagram */ = {
			isa = PBXGroup;
			children = (
				3FFA78842B0DDB6700D68C89 /* Profile */,
				3FF030812B0DC1EF009EC416 /* Home */,
				3FF030512B0DBE09009EC416 /* AppDelegate.swift */,
				3FF030532B0DBE09009EC416 /* SceneDelegate.swift */,
				3FF030552B0DBE09009EC416 /* ViewController.swift */,
				3FF030572B0DBE09009EC416 /* Main.storyboard */,
				3FF0305A2B0DBE0A009EC416 /* Assets.xcassets */,
				3FF0305C2B0DBE0A009EC416 /* LaunchScreen.storyboard */,
				3FF0305F2B0DBE0A009EC416 /* Info.plist */,
			);
			path = catstagram;
			sourceTree = "<group>";
		};
		3FF030672B0DBE0A009EC416 /* catstagramTests */ = {
			isa = PBXGroup;
			children = (
				3FF030682B0DBE0A009EC416 /* catstagramTests.swift */,
			);
			path = catstagramTests;
			sourceTree = "<group>";
		};
		3FF030712B0DBE0A009EC416 /* catstagramUITests */ = {
			isa = PBXGroup;
			children = (
				3FF030722B0DBE0A009EC416 /* catstagramUITests.swift */,
				3FF030742B0DBE0A009EC416 /* catstagramUITestsLaunchTests.swift */,
			);
			path = catstagramUITests;
			sourceTree = "<group>";
		};
		3FF030812B0DC1EF009EC416 /* Home */ = {
			isa = PBXGroup;
			children = (
				3FFA78772B0DC3EB00D68C89 /* cell */,
				3FF030822B0DC21C009EC416 /* HomeViewController.swift */,
			);
			path = Home;
			sourceTree = "<group>";
		};
		3FFA78772B0DC3EB00D68C89 /* cell */ = {
			isa = PBXGroup;
			children = (
				3FFA78782B0DC40A00D68C89 /* FeedTableViewCell.swift */,
				3FFA78792B0DC40A00D68C89 /* FeedTableViewCell.xib */,
				3FFA787C2B0DD0A700D68C89 /* StoryTableViewCell.swift */,
				3FFA787D2B0DD0A700D68C89 /* StoryTableViewCell.xib */,
				3FFA78802B0DD4A100D68C89 /* StoryCollectionViewCell.swift */,
				3FFA78812B0DD4A100D68C89 /* StoryCollectionViewCell.xib */,
			);
			path = cell;
			sourceTree = "<group>";
		};
		3FFA78842B0DDB6700D68C89 /* Profile */ = {
			isa = PBXGroup;
			children = (
				3FFA78872B0DDD2900D68C89 /* Cell */,
				3FFA78852B0DDB8D00D68C89 /* ProfileViewController.swift */,
			);
			path = Profile;
			sourceTree = "<group>";
		};
		3FFA78872B0DDD2900D68C89 /* Cell */ = {
			isa = PBXGroup;
			children = (
				3FFA78882B0DDD3D00D68C89 /* ProfileCollectionViewCell.swift */,
				3FFA78892B0DDD3D00D68C89 /* ProfileCollectionViewCell.xib */,
			);
			path = Cell;
			sourceTree = "<group>";
		};
/* End PBXGroup section */

/* Begin PBXNativeTarget section */
		3FF0304D2B0DBE09009EC416 /* catstagram */ = {
			isa = PBXNativeTarget;
			buildConfigurationList = 3FF030782B0DBE0A009EC416 /* Build configuration list for PBXNativeTarget "catstagram" */;
			buildPhases = (
				3FF0304A2B0DBE09009EC416 /* Sources */,
				3FF0304B2B0DBE09009EC416 /* Frameworks */,
				3FF0304C2B0DBE09009EC416 /* Resources */,
			);
			buildRules = (
			);
			dependencies = (
			);
			name = catstagram;
			productName = catstagram;
			productReference = 3FF0304E2B0DBE09009EC416 /* catstagram.app */;
			productType = "com.apple.product-type.application";
		};
		3FF030632B0DBE0A009EC416 /* catstagramTests */ = {
			isa = PBXNativeTarget;
			buildConfigurationList = 3FF0307B2B0DBE0A009EC416 /* Build configuration list for PBXNativeTarget "catstagramTests" */;
			buildPhases = (
				3FF030602B0DBE0A009EC416 /* Sources */,
				3FF030612B0DBE0A009EC416 /* Frameworks */,
				3FF030622B0DBE0A009EC416 /* Resources */,
			);
			buildRules = (
			);
			dependencies = (
				3FF030662B0DBE0A009EC416 /* PBXTargetDependency */,
			);
			name = catstagramTests;
			productName = catstagramTests;
			productReference = 3FF030642B0DBE0A009EC416 /* catstagramTests.xctest */;
			productType = "com.apple.product-type.bundle.unit-test";
		};
		3FF0306D2B0DBE0A009EC416 /* catstagramUITests */ = {
			isa = PBXNativeTarget;
			buildConfigurationList = 3FF0307E2B0DBE0A009EC416 /* Build configuration list for PBXNativeTarget "catstagramUITests" */;
			buildPhases = (
				3FF0306A2B0DBE0A009EC416 /* Sources */,
				3FF0306B2B0DBE0A009EC416 /* Frameworks */,
				3FF0306C2B0DBE0A009EC416 /* Resources */,
			);
			buildRules = (
			);
			dependencies = (
				3FF030702B0DBE0A009EC416 /* PBXTargetDependency */,
			);
			name = catstagramUITests;
			productName = catstagramUITests;
			productReference = 3FF0306E2B0DBE0A009EC416 /* catstagramUITests.xctest */;
			productType = "com.apple.product-type.bundle.ui-testing";
		};
/* End PBXNativeTarget section */

/* Begin PBXProject section */
		3FF030462B0DBE09009EC416 /* Project object */ = {
			isa = PBXProject;
			attributes = {
				BuildIndependentTargetsInParallel = 1;
				LastSwiftUpdateCheck = 1500;
				LastUpgradeCheck = 1500;
				TargetAttributes = {
					3FF0304D2B0DBE09009EC416 = {
						CreatedOnToolsVersion = 15.0.1;
					};
					3FF030632B0DBE0A009EC416 = {
						CreatedOnToolsVersion = 15.0.1;
						TestTargetID = 3FF0304D2B0DBE09009EC416;
					};
					3FF0306D2B0DBE0A009EC416 = {
						CreatedOnToolsVersion = 15.0.1;
						TestTargetID = 3FF0304D2B0DBE09009EC416;
					};
				};
			};
			buildConfigurationList = 3FF030492B0DBE09009EC416 /* Build configuration list for PBXProject "catstagram" */;
			compatibilityVersion = "Xcode 14.0";
			developmentRegion = en;
			hasScannedForEncodings = 0;
			knownRegions = (
				en,
				Base,
			);
			mainGroup = 3FF030452B0DBE09009EC416;
			productRefGroup = 3FF0304F2B0DBE09009EC416 /* Products */;
			projectDirPath = "";
			projectRoot = "";
			targets = (
				3FF0304D2B0DBE09009EC416 /* catstagram */,
				3FF030632B0DBE0A009EC416 /* catstagramTests */,
				3FF0306D2B0DBE0A009EC416 /* catstagramUITests */,
			);
		};
/* End PBXProject section */

/* Begin PBXResourcesBuildPhase section */
		3FF0304C2B0DBE09009EC416 /* Resources */ = {
			isa = PBXResourcesBuildPhase;
			buildActionMask = 2147483647;
			files = (
				3FF0305E2B0DBE0A009EC416 /* LaunchScreen.storyboard in Resources */,
				3FFA787B2B0DC40A00D68C89 /* FeedTableViewCell.xib in Resources */,
				3FF0305B2B0DBE0A009EC416 /* Assets.xcassets in Resources */,
				3FFA788B2B0DDD3D00D68C89 /* ProfileCollectionViewCell.xib in Resources */,
				3FFA787F2B0DD0A700D68C89 /* StoryTableViewCell.xib in Resources */,
				3FFA78832B0DD4A100D68C89 /* StoryCollectionViewCell.xib in Resources */,
				3FF030592B0DBE09009EC416 /* Main.storyboard in Resources */,
			);
			runOnlyForDeploymentPostprocessing = 0;
		};
		3FF030622B0DBE0A009EC416 /* Resources */ = {
			isa = PBXResourcesBuildPhase;
			buildActionMask = 2147483647;
			files = (
			);
			runOnlyForDeploymentPostprocessing = 0;
		};
		3FF0306C2B0DBE0A009EC416 /* Resources */ = {
			isa = PBXResourcesBuildPhase;
			buildActionMask = 2147483647;
			files = (
			);
			runOnlyForDeploymentPostprocessing = 0;
		};
/* End PBXResourcesBuildPhase section */

/* Begin PBXSourcesBuildPhase section */
		3FF0304A2B0DBE09009EC416 /* Sources */ = {
			isa = PBXSourcesBuildPhase;
			buildActionMask = 2147483647;
			files = (
				3FF030562B0DBE09009EC416 /* ViewController.swift in Sources */,
				3FFA788A2B0DDD3D00D68C89 /* ProfileCollectionViewCell.swift in Sources */,
				3FF030522B0DBE09009EC416 /* AppDelegate.swift in Sources */,
				3FF030542B0DBE09009EC416 /* SceneDelegate.swift in Sources */,
				3FF030832B0DC21C009EC416 /* HomeViewController.swift in Sources */,
				3FFA787A2B0DC40A00D68C89 /* FeedTableViewCell.swift in Sources */,
				3FFA78822B0DD4A100D68C89 /* StoryCollectionViewCell.swift in Sources */,
				3FFA78862B0DDB8D00D68C89 /* ProfileViewController.swift in Sources */,
				3FFA787E2B0DD0A700D68C89 /* StoryTableViewCell.swift in Sources */,
			);
			runOnlyForDeploymentPostprocessing = 0;
		};
		3FF030602B0DBE0A009EC416 /* Sources */ = {
			isa = PBXSourcesBuildPhase;
			buildActionMask = 2147483647;
			files = (
				3FF030692B0DBE0A009EC416 /* catstagramTests.swift in Sources */,
			);
			runOnlyForDeploymentPostprocessing = 0;
		};
		3FF0306A2B0DBE0A009EC416 /* Sources */ = {
			isa = PBXSourcesBuildPhase;
			buildActionMask = 2147483647;
			files = (
				3FF030732B0DBE0A009EC416 /* catstagramUITests.swift in Sources */,
				3FF030752B0DBE0A009EC416 /* catstagramUITestsLaunchTests.swift in Sources */,
			);
			runOnlyForDeploymentPostprocessing = 0;
		};
/* End PBXSourcesBuildPhase section */

/* Begin PBXTargetDependency section */
		3FF030662B0DBE0A009EC416 /* PBXTargetDependency */ = {
			isa = PBXTargetDependency;
			target = 3FF0304D2B0DBE09009EC416 /* catstagram */;
			targetProxy = 3FF030652B0DBE0A009EC416 /* PBXContainerItemProxy */;
		};
		3FF030702B0DBE0A009EC416 /* PBXTargetDependency */ = {
			isa = PBXTargetDependency;
			target = 3FF0304D2B0DBE09009EC416 /* catstagram */;
			targetProxy = 3FF0306F2B0DBE0A009EC416 /* PBXContainerItemProxy */;
		};
/* End PBXTargetDependency section */

/* Begin PBXVariantGroup section */
		3FF030572B0DBE09009EC416 /* Main.storyboard */ = {
			isa = PBXVariantGroup;
			children = (
				3FF030582B0DBE09009EC416 /* Base */,
			);
			name = Main.storyboard;
			sourceTree = "<group>";
		};
		3FF0305C2B0DBE0A009EC416 /* LaunchScreen.storyboard */ = {
			isa = PBXVariantGroup;
			children = (
				3FF0305D2B0DBE0A009EC416 /* Base */,
			);
			name = LaunchScreen.storyboard;
			sourceTree = "<group>";
		};
/* End PBXVariantGroup section */

/* Begin XCBuildConfiguration section */
		3FF030762B0DBE0A009EC416 /* Debug */ = {
			isa = XCBuildConfiguration;
			buildSettings = {
				ALWAYS_SEARCH_USER_PATHS = NO;
				ASSETCATALOG_COMPILER_GENERATE_SWIFT_ASSET_SYMBOL_EXTENSIONS = YES;
				CLANG_ANALYZER_NONNULL = YES;
				CLANG_ANALYZER_NUMBER_OBJECT_CONVERSION = YES_AGGRESSIVE;
				CLANG_CXX_LANGUAGE_STANDARD = "gnu++20";
				CLANG_ENABLE_MODULES = YES;
				CLANG_ENABLE_OBJC_ARC = YES;
				CLANG_ENABLE_OBJC_WEAK = YES;
				CLANG_WARN_BLOCK_CAPTURE_AUTORELEASING = YES;
				CLANG_WARN_BOOL_CONVERSION = YES;
				CLANG_WARN_COMMA = YES;
				CLANG_WARN_CONSTANT_CONVERSION = YES;
				CLANG_WARN_DEPRECATED_OBJC_IMPLEMENTATIONS = YES;
				CLANG_WARN_DIRECT_OBJC_ISA_USAGE = YES_ERROR;
				CLANG_WARN_DOCUMENTATION_COMMENTS = YES;
				CLANG_WARN_EMPTY_BODY = YES;
				CLANG_WARN_ENUM_CONVERSION = YES;
				CLANG_WARN_INFINITE_RECURSION = YES;
				CLANG_WARN_INT_CONVERSION = YES;
				CLANG_WARN_NON_LITERAL_NULL_CONVERSION = YES;
				CLANG_WARN_OBJC_IMPLICIT_RETAIN_SELF = YES;
				CLANG_WARN_OBJC_LITERAL_CONVERSION = YES;
				CLANG_WARN_OBJC_ROOT_CLASS = YES_ERROR;
				CLANG_WARN_QUOTED_INCLUDE_IN_FRAMEWORK_HEADER = YES;
				CLANG_WARN_RANGE_LOOP_ANALYSIS = YES;
				CLANG_WARN_STRICT_PROTOTYPES = YES;
				CLANG_WARN_SUSPICIOUS_MOVE = YES;
				CLANG_WARN_UNGUARDED_AVAILABILITY = YES_AGGRESSIVE;
				CLANG_WARN_UNREACHABLE_CODE = YES;
				CLANG_WARN__DUPLICATE_METHOD_MATCH = YES;
				COPY_PHASE_STRIP = NO;
				DEBUG_INFORMATION_FORMAT = dwarf;
				ENABLE_STRICT_OBJC_MSGSEND = YES;
				ENABLE_TESTABILITY = YES;
				ENABLE_USER_SCRIPT_SANDBOXING = YES;
				GCC_C_LANGUAGE_STANDARD = gnu17;
				GCC_DYNAMIC_NO_PIC = NO;
				GCC_NO_COMMON_BLOCKS = YES;
				GCC_OPTIMIZATION_LEVEL = 0;
				GCC_PREPROCESSOR_DEFINITIONS = (
					"DEBUG=1",
					"$(inherited)",
				);
				GCC_WARN_64_TO_32_BIT_CONVERSION = YES;
				GCC_WARN_ABOUT_RETURN_TYPE = YES_ERROR;
				GCC_WARN_UNDECLARED_SELECTOR = YES;
				GCC_WARN_UNINITIALIZED_AUTOS = YES_AGGRESSIVE;
				GCC_WARN_UNUSED_FUNCTION = YES;
				GCC_WARN_UNUSED_VARIABLE = YES;
				IPHONEOS_DEPLOYMENT_TARGET = 17.0;
				LOCALIZATION_PREFERS_STRING_CATALOGS = YES;
				MTL_ENABLE_DEBUG_INFO = INCLUDE_SOURCE;
				MTL_FAST_MATH = YES;
				ONLY_ACTIVE_ARCH = YES;
				SDKROOT = iphoneos;
				SWIFT_ACTIVE_COMPILATION_CONDITIONS = "DEBUG $(inherited)";
				SWIFT_OPTIMIZATION_LEVEL = "-Onone";
			};
			name = Debug;
		};
		3FF030772B0DBE0A009EC416 /* Release */ = {
			isa = XCBuildConfiguration;
			buildSettings = {
				ALWAYS_SEARCH_USER_PATHS = NO;
				ASSETCATALOG_COMPILER_GENERATE_SWIFT_ASSET_SYMBOL_EXTENSIONS = YES;
				CLANG_ANALYZER_NONNULL = YES;
				CLANG_ANALYZER_NUMBER_OBJECT_CONVERSION = YES_AGGRESSIVE;
				CLANG_CXX_LANGUAGE_STANDARD = "gnu++20";
				CLANG_ENABLE_MODULES = YES;
				CLANG_ENABLE_OBJC_ARC = YES;
				CLANG_ENABLE_OBJC_WEAK = YES;
				CLANG_WARN_BLOCK_CAPTURE_AUTORELEASING = YES;
				CLANG_WARN_BOOL_CONVERSION = YES;
				CLANG_WARN_COMMA = YES;
				CLANG_WARN_CONSTANT_CONVERSION = YES;
				CLANG_WARN_DEPRECATED_OBJC_IMPLEMENTATIONS = YES;
				CLANG_WARN_DIRECT_OBJC_ISA_USAGE = YES_ERROR;
				CLANG_WARN_DOCUMENTATION_COMMENTS = YES;
				CLANG_WARN_EMPTY_BODY = YES;
				CLANG_WARN_ENUM_CONVERSION = YES;
				CLANG_WARN_INFINITE_RECURSION = YES;
				CLANG_WARN_INT_CONVERSION = YES;
				CLANG_WARN_NON_LITERAL_NULL_CONVERSION = YES;
				CLANG_WARN_OBJC_IMPLICIT_RETAIN_SELF = YES;
				CLANG_WARN_OBJC_LITERAL_CONVERSION = YES;
				CLANG_WARN_OBJC_ROOT_CLASS = YES_ERROR;
				CLANG_WARN_QUOTED_INCLUDE_IN_FRAMEWORK_HEADER = YES;
				CLANG_WARN_RANGE_LOOP_ANALYSIS = YES;
				CLANG_WARN_STRICT_PROTOTYPES = YES;
				CLANG_WARN_SUSPICIOUS_MOVE = YES;
				CLANG_WARN_UNGUARDED_AVAILABILITY = YES_AGGRESSIVE;
				CLANG_WARN_UNREACHABLE_CODE = YES;
				CLANG_WARN__DUPLICATE_METHOD_MATCH = YES;
				COPY_PHASE_STRIP = NO;
				DEBUG_INFORMATION_FORMAT = "dwarf-with-dsym";
				ENABLE_NS_ASSERTIONS = NO;
				ENABLE_STRICT_OBJC_MSGSEND = YES;
				ENABLE_USER_SCRIPT_SANDBOXING = YES;
				GCC_C_LANGUAGE_STANDARD = gnu17;
				GCC_NO_COMMON_BLOCKS = YES;
				GCC_WARN_64_TO_32_BIT_CONVERSION = YES;
				GCC_WARN_ABOUT_RETURN_TYPE = YES_ERROR;
				GCC_WARN_UNDECLARED_SELECTOR = YES;
				GCC_WARN_UNINITIALIZED_AUTOS = YES_AGGRESSIVE;
				GCC_WARN_UNUSED_FUNCTION = YES;
				GCC_WARN_UNUSED_VARIABLE = YES;
				IPHONEOS_DEPLOYMENT_TARGET = 17.0;
				LOCALIZATION_PREFERS_STRING_CATALOGS = YES;
				MTL_ENABLE_DEBUG_INFO = NO;
				MTL_FAST_MATH = YES;
				SDKROOT = iphoneos;
				SWIFT_COMPILATION_MODE = wholemodule;
				VALIDATE_PRODUCT = YES;
			};
			name = Release;
		};
		3FF030792B0DBE0A009EC416 /* Debug */ = {
			isa = XCBuildConfiguration;
			buildSettings = {
				ASSETCATALOG_COMPILER_APPICON_NAME = AppIcon;
				ASSETCATALOG_COMPILER_GLOBAL_ACCENT_COLOR_NAME = AccentColor;
				CODE_SIGN_STYLE = Automatic;
				CURRENT_PROJECT_VERSION = 1;
				GENERATE_INFOPLIST_FILE = YES;
				INFOPLIST_FILE = catstagram/Info.plist;
				INFOPLIST_KEY_UIApplicationSupportsIndirectInputEvents = YES;
				INFOPLIST_KEY_UILaunchStoryboardName = LaunchScreen;
				INFOPLIST_KEY_UIMainStoryboardFile = Main;
				INFOPLIST_KEY_UISupportedInterfaceOrientations_iPad = "UIInterfaceOrientationPortrait UIInterfaceOrientationPortraitUpsideDown UIInterfaceOrientationLandscapeLeft UIInterfaceOrientationLandscapeRight";
				INFOPLIST_KEY_UISupportedInterfaceOrientations_iPhone = "UIInterfaceOrientationPortrait UIInterfaceOrientationLandscapeLeft UIInterfaceOrientationLandscapeRight";
				LD_RUNPATH_SEARCH_PATHS = (
					"$(inherited)",
					"@executable_path/Frameworks",
				);
				MARKETING_VERSION = 1.0;
				PRODUCT_BUNDLE_IDENTIFIER = catstagram.catstagram;
				PRODUCT_NAME = "$(TARGET_NAME)";
				SWIFT_EMIT_LOC_STRINGS = YES;
				SWIFT_VERSION = 5.0;
				TARGETED_DEVICE_FAMILY = "1,2";
			};
			name = Debug;
		};
		3FF0307A2B0DBE0A009EC416 /* Release */ = {
			isa = XCBuildConfiguration;
			buildSettings = {
				ASSETCATALOG_COMPILER_APPICON_NAME = AppIcon;
				ASSETCATALOG_COMPILER_GLOBAL_ACCENT_COLOR_NAME = AccentColor;
				CODE_SIGN_STYLE = Automatic;
				CURRENT_PROJECT_VERSION = 1;
				GENERATE_INFOPLIST_FILE = YES;
				INFOPLIST_FILE = catstagram/Info.plist;
				INFOPLIST_KEY_UIApplicationSupportsIndirectInputEvents = YES;
				INFOPLIST_KEY_UILaunchStoryboardName = LaunchScreen;
				INFOPLIST_KEY_UIMainStoryboardFile = Main;
				INFOPLIST_KEY_UISupportedInterfaceOrientations_iPad = "UIInterfaceOrientationPortrait UIInterfaceOrientationPortraitUpsideDown UIInterfaceOrientationLandscapeLeft UIInterfaceOrientationLandscapeRight";
				INFOPLIST_KEY_UISupportedInterfaceOrientations_iPhone = "UIInterfaceOrientationPortrait UIInterfaceOrientationLandscapeLeft UIInterfaceOrientationLandscapeRight";
				LD_RUNPATH_SEARCH_PATHS = (
					"$(inherited)",
					"@executable_path/Frameworks",
				);
				MARKETING_VERSION = 1.0;
				PRODUCT_BUNDLE_IDENTIFIER = catstagram.catstagram;
				PRODUCT_NAME = "$(TARGET_NAME)";
				SWIFT_EMIT_LOC_STRINGS = YES;
				SWIFT_VERSION = 5.0;
				TARGETED_DEVICE_FAMILY = "1,2";
			};
			name = Release;
		};
		3FF0307C2B0DBE0A009EC416 /* Debug */ = {
			isa = XCBuildConfiguration;
			buildSettings = {
				ALWAYS_EMBED_SWIFT_STANDARD_LIBRARIES = YES;
				BUNDLE_LOADER = "$(TEST_HOST)";
				CODE_SIGN_STYLE = Automatic;
				CURRENT_PROJECT_VERSION = 1;
				GENERATE_INFOPLIST_FILE = YES;
				IPHONEOS_DEPLOYMENT_TARGET = 17.0;
				MARKETING_VERSION = 1.0;
				PRODUCT_BUNDLE_IDENTIFIER = catstagram.catstagramTests;
				PRODUCT_NAME = "$(TARGET_NAME)";
				SWIFT_EMIT_LOC_STRINGS = NO;
				SWIFT_VERSION = 5.0;
				TARGETED_DEVICE_FAMILY = "1,2";
				TEST_HOST = "$(BUILT_PRODUCTS_DIR)/catstagram.app/$(BUNDLE_EXECUTABLE_FOLDER_PATH)/catstagram";
			};
			name = Debug;
		};
		3FF0307D2B0DBE0A009EC416 /* Release */ = {
			isa = XCBuildConfiguration;
			buildSettings = {
				ALWAYS_EMBED_SWIFT_STANDARD_LIBRARIES = YES;
				BUNDLE_LOADER = "$(TEST_HOST)";
				CODE_SIGN_STYLE = Automatic;
				CURRENT_PROJECT_VERSION = 1;
				GENERATE_INFOPLIST_FILE = YES;
				IPHONEOS_DEPLOYMENT_TARGET = 17.0;
				MARKETING_VERSION = 1.0;
				PRODUCT_BUNDLE_IDENTIFIER = catstagram.catstagramTests;
				PRODUCT_NAME = "$(TARGET_NAME)";
				SWIFT_EMIT_LOC_STRINGS = NO;
				SWIFT_VERSION = 5.0;
				TARGETED_DEVICE_FAMILY = "1,2";
				TEST_HOST = "$(BUILT_PRODUCTS_DIR)/catstagram.app/$(BUNDLE_EXECUTABLE_FOLDER_PATH)/catstagram";
			};
			name = Release;
		};
		3FF0307F2B0DBE0A009EC416 /* Debug */ = {
			isa = XCBuildConfiguration;
			buildSettings = {
				ALWAYS_EMBED_SWIFT_STANDARD_LIBRARIES = YES;
				CODE_SIGN_STYLE = Automatic;
				CURRENT_PROJECT_VERSION = 1;
				GENERATE_INFOPLIST_FILE = YES;
				MARKETING_VERSION = 1.0;
				PRODUCT_BUNDLE_IDENTIFIER = catstagram.catstagramUITests;
				PRODUCT_NAME = "$(TARGET_NAME)";
				SWIFT_EMIT_LOC_STRINGS = NO;
				SWIFT_VERSION = 5.0;
				TARGETED_DEVICE_FAMILY = "1,2";
				TEST_TARGET_NAME = catstagram;
			};
			name = Debug;
		};
		3FF030802B0DBE0A009EC416 /* Release */ = {
			isa = XCBuildConfiguration;
			buildSettings = {
				ALWAYS_EMBED_SWIFT_STANDARD_LIBRARIES = YES;
				CODE_SIGN_STYLE = Automatic;
				CURRENT_PROJECT_VERSION = 1;
				GENERATE_INFOPLIST_FILE = YES;
				MARKETING_VERSION = 1.0;
				PRODUCT_BUNDLE_IDENTIFIER = catstagram.catstagramUITests;
				PRODUCT_NAME = "$(TARGET_NAME)";
				SWIFT_EMIT_LOC_STRINGS = NO;
				SWIFT_VERSION = 5.0;
				TARGETED_DEVICE_FAMILY = "1,2";
				TEST_TARGET_NAME = catstagram;
			};
			name = Release;
		};
/* End XCBuildConfiguration section */

/* Begin XCConfigurationList section */
		3FF030492B0DBE09009EC416 /* Build configuration list for PBXProject "catstagram" */ = {
			isa = XCConfigurationList;
			buildConfigurations = (
				3FF030762B0DBE0A009EC416 /* Debug */,
				3FF030772B0DBE0A009EC416 /* Release */,
			);
			defaultConfigurationIsVisible = 0;
			defaultConfigurationName = Release;
		};
		3FF030782B0DBE0A009EC416 /* Build configuration list for PBXNativeTarget "catstagram" */ = {
			isa = XCConfigurationList;
			buildConfigurations = (
				3FF030792B0DBE0A009EC416 /* Debug */,
				3FF0307A2B0DBE0A009EC416 /* Release */,
			);
			defaultConfigurationIsVisible = 0;
			defaultConfigurationName = Release;
		};
		3FF0307B2B0DBE0A009EC416 /* Build configuration list for PBXNativeTarget "catstagramTests" */ = {
			isa = XCConfigurationList;
			buildConfigurations = (
				3FF0307C2B0DBE0A009EC416 /* Debug */,
				3FF0307D2B0DBE0A009EC416 /* Release */,
			);
			defaultConfigurationIsVisible = 0;
			defaultConfigurationName = Release;
		};
		3FF0307E2B0DBE0A009EC416 /* Build configuration list for PBXNativeTarget "catstagramUITests" */ = {
			isa = XCConfigurationList;
			buildConfigurations = (
				3FF0307F2B0DBE0A009EC416 /* Debug */,
				3FF030802B0DBE0A009EC416 /* Release */,
			);
			defaultConfigurationIsVisible = 0;
			defaultConfigurationName = Release;
		};
/* End XCConfigurationList section */
	};
	rootObject = 3FF030462B0DBE09009EC416 /* Project object */;
}
